// !$*UTF8*$!
{
	archiveVersion = 1;
	classes = {
	};
	objectVersion = 46;
	objects = {

/* Begin PBXBuildFile section */
		1D60589F0D05DD5A006BFB54 /* Foundation.framework in Frameworks */ = {isa = PBXBuildFile; fileRef = 1D30AB110D05D00D00671497 /* Foundation.framework */; };
		1DF5F4E00D08C38300B7A737 /* UIKit.framework in Frameworks */ = {isa = PBXBuildFile; fileRef = 1DF5F4DF0D08C38300B7A737 /* UIKit.framework */; };
		2D500B940D5A79C200DBA0E3 /* OpenGLES.framework in Frameworks */ = {isa = PBXBuildFile; fileRef = 2D500B920D5A79C200DBA0E3 /* OpenGLES.framework */; };
		2D500B9A0D5A79CF00DBA0E3 /* QuartzCore.framework in Frameworks */ = {isa = PBXBuildFile; fileRef = 2D500B990D5A79CF00DBA0E3 /* QuartzCore.framework */; };
		631AB81A12FAAD5800243329 /* fragment.fsh in Resources */ = {isa = PBXBuildFile; fileRef = 631AB80512FAA6B200243329 /* fragment.fsh */; };
		631AB81B12FAAD5800243329 /* vertex.vsh in Resources */ = {isa = PBXBuildFile; fileRef = 631AB80612FAA6B200243329 /* vertex.vsh */; };
		631ABAA012FB99CE00243329 /* RenderController.c in Sources */ = {isa = PBXBuildFile; fileRef = 631ABA9E12FB99CE00243329 /* RenderController.c */; };
		63AD97DD0FAA2A9F00A79D15 /* CoreGraphics.framework in Frameworks */ = {isa = PBXBuildFile; fileRef = 63AD97DC0FAA2A9F00A79D15 /* CoreGraphics.framework */; };
		63B7C93E10A218E500E709A5 /* main.m in Sources */ = {isa = PBXBuildFile; fileRef = 63B7C93D10A218E500E709A5 /* main.m */; };
		63D405A011EA65F60051D8F3 /* Default.png in Resources */ = {isa = PBXBuildFile; fileRef = 63D4059B11EA65F60051D8F3 /* Default.png */; };
		63D405A111EA65F60051D8F3 /* Icon.png in Resources */ = {isa = PBXBuildFile; fileRef = 63D4059C11EA65F60051D8F3 /* Icon.png */; };
		63D405A211EA65F60051D8F3 /* Icon@2x.png in Resources */ = {isa = PBXBuildFile; fileRef = 63D4059D11EA65F60051D8F3 /* Icon@2x.png */; };
		63D405A311EA65F60051D8F3 /* Icon-72.png in Resources */ = {isa = PBXBuildFile; fileRef = 63D4059E11EA65F60051D8F3 /* Icon-72.png */; };
		7914067C0DBAD8D100C9A379 /* AppDelegate.mm in Sources */ = {isa = PBXBuildFile; fileRef = 7914067B0DBAD8D100C9A379 /* AppDelegate.mm */; };
		E4D61C3E18DF626700B121ED /* ViewController.mm in Sources */ = {isa = PBXBuildFile; fileRef = E4D61C3C18DF626700B121ED /* ViewController.mm */; };
		E4D61C4018DF627D00B121ED /* Diavlo_BLACK_II_37.otf in Resources */ = {isa = PBXBuildFile; fileRef = E4D61C3F18DF627D00B121ED /* Diavlo_BLACK_II_37.otf */; };
		E4D61C4318DF628900B121ED /* ViewController_iPad.xib in Resources */ = {isa = PBXBuildFile; fileRef = E4D61C4118DF628900B121ED /* ViewController_iPad.xib */; };
		E4D61C4418DF628900B121ED /* ViewController_iPhone.xib in Resources */ = {isa = PBXBuildFile; fileRef = E4D61C4218DF628900B121ED /* ViewController_iPhone.xib */; };
		E4D61C4618DF629400B121ED /* GLKit.framework in Frameworks */ = {isa = PBXBuildFile; fileRef = E4D61C4518DF629400B121ED /* GLKit.framework */; };
		E4D61CD418DF6B3D00B121ED /* libFTGLES2.a in Frameworks */ = {isa = PBXBuildFile; fileRef = E4D61CCE18DF669B00B121ED /* libFTGLES2.a */; };
		E4D61CD618DF6BFC00B121ED /* libc++.dylib in Frameworks */ = {isa = PBXBuildFile; fileRef = E4D61CD518DF6BFC00B121ED /* libc++.dylib */; };
/* End PBXBuildFile section */

/* Begin PBXContainerItemProxy section */
		E4D61C5018DF65F100B121ED /* PBXContainerItemProxy */ = {
			isa = PBXContainerItemProxy;
			containerPortal = E4D61C4B18DF65F100B121ED /* ftgles.xcodeproj */;
			proxyType = 2;
			remoteGlobalIDString = 63A6FE900FB1F7AF00C38E72;
			remoteInfo = FTGLES;
		};
		E4D61CCD18DF669B00B121ED /* PBXContainerItemProxy */ = {
			isa = PBXContainerItemProxy;
			containerPortal = E4D61C4B18DF65F100B121ED /* ftgles.xcodeproj */;
			proxyType = 2;
			remoteGlobalIDString = E4D61CC918DF660C00B121ED;
			remoteInfo = FTGLES2;
		};
		E4D61CD218DF6B1C00B121ED /* PBXContainerItemProxy */ = {
			isa = PBXContainerItemProxy;
			containerPortal = E4D61C4B18DF65F100B121ED /* ftgles.xcodeproj */;
			proxyType = 1;
			remoteGlobalIDString = E4D61C5218DF660C00B121ED;
			remoteInfo = FTGLES2;
		};
/* End PBXContainerItemProxy section */

/* Begin PBXFileReference section */
		1D30AB110D05D00D00671497 /* Foundation.framework */ = {isa = PBXFileReference; lastKnownFileType = wrapper.framework; name = Foundation.framework; path = System/Library/Frameworks/Foundation.framework; sourceTree = SDKROOT; };
		1D6058910D05DD3D006BFB54 /* HelloWorld.app */ = {isa = PBXFileReference; explicitFileType = wrapper.application; includeInIndex = 0; path = HelloWorld.app; sourceTree = BUILT_PRODUCTS_DIR; };
		1DF5F4DF0D08C38300B7A737 /* UIKit.framework */ = {isa = PBXFileReference; lastKnownFileType = wrapper.framework; name = UIKit.framework; path = System/Library/Frameworks/UIKit.framework; sourceTree = SDKROOT; };
		2D500B920D5A79C200DBA0E3 /* OpenGLES.framework */ = {isa = PBXFileReference; lastKnownFileType = wrapper.framework; name = OpenGLES.framework; path = System/Library/Frameworks/OpenGLES.framework; sourceTree = SDKROOT; };
		2D500B990D5A79CF00DBA0E3 /* QuartzCore.framework */ = {isa = PBXFileReference; lastKnownFileType = wrapper.framework; name = QuartzCore.framework; path = System/Library/Frameworks/QuartzCore.framework; sourceTree = SDKROOT; };
		631AB80512FAA6B200243329 /* fragment.fsh */ = {isa = PBXFileReference; fileEncoding = 4; lastKnownFileType = sourcecode.glsl; path = fragment.fsh; sourceTree = "<group>"; };
		631AB80612FAA6B200243329 /* vertex.vsh */ = {isa = PBXFileReference; fileEncoding = 4; lastKnownFileType = sourcecode.glsl; path = vertex.vsh; sourceTree = "<group>"; };
		631ABA9E12FB99CE00243329 /* RenderController.c */ = {isa = PBXFileReference; fileEncoding = 4; lastKnownFileType = sourcecode.c.c; name = RenderController.c; path = Classes/RenderController.c; sourceTree = "<group>"; };
		631ABA9F12FB99CE00243329 /* RenderController.h */ = {isa = PBXFileReference; fileEncoding = 4; lastKnownFileType = sourcecode.c.h; name = RenderController.h; path = Classes/RenderController.h; sourceTree = "<group>"; };
		63AD97DC0FAA2A9F00A79D15 /* CoreGraphics.framework */ = {isa = PBXFileReference; lastKnownFileType = wrapper.framework; name = CoreGraphics.framework; path = System/Library/Frameworks/CoreGraphics.framework; sourceTree = SDKROOT; };
		63B7C93D10A218E500E709A5 /* main.m */ = {isa = PBXFileReference; fileEncoding = 4; lastKnownFileType = sourcecode.c.objc; name = main.m; path = Classes/main.m; sourceTree = "<group>"; };
		63D4059B11EA65F60051D8F3 /* Default.png */ = {isa = PBXFileReference; lastKnownFileType = image.png; name = Default.png; path = ../Common/Resources/Default.png; sourceTree = SOURCE_ROOT; };
		63D4059C11EA65F60051D8F3 /* Icon.png */ = {isa = PBXFileReference; lastKnownFileType = image.png; name = Icon.png; path = ../Common/Resources/Icon.png; sourceTree = SOURCE_ROOT; };
		63D4059D11EA65F60051D8F3 /* Icon@2x.png */ = {isa = PBXFileReference; lastKnownFileType = image.png; name = "Icon@2x.png"; path = "../Common/Resources/Icon@2x.png"; sourceTree = SOURCE_ROOT; };
		63D4059E11EA65F60051D8F3 /* Icon-72.png */ = {isa = PBXFileReference; lastKnownFileType = image.png; name = "Icon-72.png"; path = "../Common/Resources/Icon-72.png"; sourceTree = SOURCE_ROOT; };
		7914067A0DBAD8D100C9A379 /* AppDelegate.h */ = {isa = PBXFileReference; fileEncoding = 4; lastKnownFileType = sourcecode.c.h; name = AppDelegate.h; path = Classes/AppDelegate.h; sourceTree = "<group>"; };
		7914067B0DBAD8D100C9A379 /* AppDelegate.mm */ = {isa = PBXFileReference; fileEncoding = 4; lastKnownFileType = sourcecode.cpp.objcpp; name = AppDelegate.mm; path = Classes/AppDelegate.mm; sourceTree = "<group>"; };
		8D1107310486CEB800E47090 /* Info.plist */ = {isa = PBXFileReference; fileEncoding = 4; lastKnownFileType = text.plist.xml; path = Info.plist; sourceTree = "<group>"; };
		E4D61C3A18DF626700B121ED /* ftgles.xcconfig */ = {isa = PBXFileReference; fileEncoding = 4; lastKnownFileType = text.xcconfig; path = ftgles.xcconfig; sourceTree = "<group>"; };
		E4D61C3B18DF626700B121ED /* ViewController.h */ = {isa = PBXFileReference; fileEncoding = 4; lastKnownFileType = sourcecode.c.h; path = ViewController.h; sourceTree = "<group>"; };
		E4D61C3C18DF626700B121ED /* ViewController.mm */ = {isa = PBXFileReference; fileEncoding = 4; lastKnownFileType = sourcecode.cpp.objcpp; path = ViewController.mm; sourceTree = "<group>"; };
		E4D61C3F18DF627D00B121ED /* Diavlo_BLACK_II_37.otf */ = {isa = PBXFileReference; lastKnownFileType = file; name = Diavlo_BLACK_II_37.otf; path = ../HelloWorld/Fonts/Diavlo_BLACK_II_37.otf; sourceTree = "<group>"; };
		E4D61C4118DF628900B121ED /* ViewController_iPad.xib */ = {isa = PBXFileReference; fileEncoding = 4; lastKnownFileType = file.xib; name = ViewController_iPad.xib; path = ../PerformanceTest/ViewController_iPad.xib; sourceTree = "<group>"; };
		E4D61C4218DF628900B121ED /* ViewController_iPhone.xib */ = {isa = PBXFileReference; fileEncoding = 4; lastKnownFileType = file.xib; name = ViewController_iPhone.xib; path = ../PerformanceTest/ViewController_iPhone.xib; sourceTree = "<group>"; };
		E4D61C4518DF629400B121ED /* GLKit.framework */ = {isa = PBXFileReference; lastKnownFileType = wrapper.framework; name = GLKit.framework; path = System/Library/Frameworks/GLKit.framework; sourceTree = SDKROOT; };
		E4D61C4B18DF65F100B121ED /* ftgles.xcodeproj */ = {isa = PBXFileReference; lastKnownFileType = "wrapper.pb-project"; name = ftgles.xcodeproj; path = ../../../Xcode/ftgles.xcodeproj; sourceTree = "<group>"; };
		E4D61CD518DF6BFC00B121ED /* libc++.dylib */ = {isa = PBXFileReference; lastKnownFileType = "compiled.mach-o.dylib"; name = "libc++.dylib"; path = "usr/lib/libc++.dylib"; sourceTree = SDKROOT; };
/* End PBXFileReference section */

/* Begin PBXFrameworksBuildPhase section */
		1D60588F0D05DD3D006BFB54 /* Frameworks */ = {
			isa = PBXFrameworksBuildPhase;
			buildActionMask = 2147483647;
			files = (
				E4D61CD618DF6BFC00B121ED /* libc++.dylib in Frameworks */,
				E4D61CD418DF6B3D00B121ED /* libFTGLES2.a in Frameworks */,
				1D60589F0D05DD5A006BFB54 /* Foundation.framework in Frameworks */,
				1DF5F4E00D08C38300B7A737 /* UIKit.framework in Frameworks */,
				2D500B940D5A79C200DBA0E3 /* OpenGLES.framework in Frameworks */,
				E4D61C4618DF629400B121ED /* GLKit.framework in Frameworks */,
				2D500B9A0D5A79CF00DBA0E3 /* QuartzCore.framework in Frameworks */,
				63AD97DD0FAA2A9F00A79D15 /* CoreGraphics.framework in Frameworks */,
			);
			runOnlyForDeploymentPostprocessing = 0;
		};
/* End PBXFrameworksBuildPhase section */

/* Begin PBXGroup section */
		19C28FACFE9D520D11CA2CBB /* Products */ = {
			isa = PBXGroup;
			children = (
				1D6058910D05DD3D006BFB54 /* HelloWorld.app */,
			);
			name = Products;
			sourceTree = "<group>";
		};
		29B97314FDCFA39411CA2CEA /* CustomTemplate */ = {
			isa = PBXGroup;
			children = (
				63AF0F950F5F2F6800BF520B /* Application */,
				631AB80412FAA6B200243329 /* Shaders */,
				63AF0C630F5F2E7E00BF520B /* Libraries */,
				63B7CA9C10A23C1700E709A5 /* Fonts */,
				29B97317FDCFA39411CA2CEA /* Resources */,
				8D1107310486CEB800E47090 /* Info.plist */,
				29B97323FDCFA39411CA2CEA /* Frameworks */,
				19C28FACFE9D520D11CA2CBB /* Products */,
			);
			name = CustomTemplate;
			sourceTree = "<group>";
		};
		29B97317FDCFA39411CA2CEA /* Resources */ = {
			isa = PBXGroup;
			children = (
				E4D61C4118DF628900B121ED /* ViewController_iPad.xib */,
				E4D61C4218DF628900B121ED /* ViewController_iPhone.xib */,
				63D4059B11EA65F60051D8F3 /* Default.png */,
				63D4059C11EA65F60051D8F3 /* Icon.png */,
				63D4059D11EA65F60051D8F3 /* Icon@2x.png */,
				63D4059E11EA65F60051D8F3 /* Icon-72.png */,
			);
			name = Resources;
			sourceTree = "<group>";
		};
		29B97323FDCFA39411CA2CEA /* Frameworks */ = {
			isa = PBXGroup;
			children = (
				E4D61CD518DF6BFC00B121ED /* libc++.dylib */,
				E4D61C4518DF629400B121ED /* GLKit.framework */,
				63AD97DC0FAA2A9F00A79D15 /* CoreGraphics.framework */,
				2D500B990D5A79CF00DBA0E3 /* QuartzCore.framework */,
				2D500B920D5A79C200DBA0E3 /* OpenGLES.framework */,
				1DF5F4DF0D08C38300B7A737 /* UIKit.framework */,
				1D30AB110D05D00D00671497 /* Foundation.framework */,
			);
			name = Frameworks;
			sourceTree = "<group>";
		};
		631AB80412FAA6B200243329 /* Shaders */ = {
			isa = PBXGroup;
			children = (
				631AB80512FAA6B200243329 /* fragment.fsh */,
				631AB80612FAA6B200243329 /* vertex.vsh */,
			);
			path = Shaders;
			sourceTree = "<group>";
		};
		63741F5711E5D24A00DFBB47 /* Common */ = {
			isa = PBXGroup;
			children = (
				E4D61C3A18DF626700B121ED /* ftgles.xcconfig */,
				E4D61C3B18DF626700B121ED /* ViewController.h */,
				E4D61C3C18DF626700B121ED /* ViewController.mm */,
			);
			name = Common;
			path = ../Common;
			sourceTree = SOURCE_ROOT;
		};
		63AF0C630F5F2E7E00BF520B /* Libraries */ = {
			isa = PBXGroup;
			children = (
				E4D61C4B18DF65F100B121ED /* ftgles.xcodeproj */,
			);
			name = Libraries;
			sourceTree = "<group>";
		};
		63AF0F950F5F2F6800BF520B /* Application */ = {
			isa = PBXGroup;
			children = (
				63741F5711E5D24A00DFBB47 /* Common */,
				63B7C93D10A218E500E709A5 /* main.m */,
				7914067A0DBAD8D100C9A379 /* AppDelegate.h */,
				7914067B0DBAD8D100C9A379 /* AppDelegate.mm */,
				631ABA9E12FB99CE00243329 /* RenderController.c */,
				631ABA9F12FB99CE00243329 /* RenderController.h */,
			);
			name = Application;
			sourceTree = "<group>";
		};
		63B7CA9C10A23C1700E709A5 /* Fonts */ = {
			isa = PBXGroup;
			children = (
				E4D61C3F18DF627D00B121ED /* Diavlo_BLACK_II_37.otf */,
			);
			name = Fonts;
			sourceTree = "<group>";
		};
		E4D61C4C18DF65F100B121ED /* Products */ = {
			isa = PBXGroup;
			children = (
				E4D61C5118DF65F100B121ED /* libFTGLES.a */,
				E4D61CCE18DF669B00B121ED /* libFTGLES2.a */,
			);
			name = Products;
			sourceTree = "<group>";
		};
/* End PBXGroup section */

/* Begin PBXNativeTarget section */
		1D6058900D05DD3D006BFB54 /* GLES2Demo */ = {
			isa = PBXNativeTarget;
			buildConfigurationList = 1D6058960D05DD3E006BFB54 /* Build configuration list for PBXNativeTarget "GLES2Demo" */;
			buildPhases = (
				1D60588D0D05DD3D006BFB54 /* Resources */,
				1D60588E0D05DD3D006BFB54 /* Sources */,
				1D60588F0D05DD3D006BFB54 /* Frameworks */,
			);
			buildRules = (
			);
			dependencies = (
				E4D61CD318DF6B1C00B121ED /* PBXTargetDependency */,
			);
			name = GLES2Demo;
			productName = foo;
			productReference = 1D6058910D05DD3D006BFB54 /* HelloWorld.app */;
			productType = "com.apple.product-type.application";
		};
/* End PBXNativeTarget section */

/* Begin PBXProject section */
		29B97313FDCFA39411CA2CEA /* Project object */ = {
			isa = PBXProject;
			attributes = {
				LastUpgradeCheck = 0500;
			};
			buildConfigurationList = C01FCF4E08A954540054247B /* Build configuration list for PBXProject "GLES2Demo" */;
			compatibilityVersion = "Xcode 3.2";
			developmentRegion = English;
			hasScannedForEncodings = 1;
			knownRegions = (
				English,
				Japanese,
				French,
				German,
			);
			mainGroup = 29B97314FDCFA39411CA2CEA /* CustomTemplate */;
			projectDirPath = "";
			projectReferences = (
				{
					ProductGroup = E4D61C4C18DF65F100B121ED /* Products */;
					ProjectRef = E4D61C4B18DF65F100B121ED /* ftgles.xcodeproj */;
				},
			);
			projectRoot = "";
			targets = (
				1D6058900D05DD3D006BFB54 /* GLES2Demo */,
			);
		};
/* End PBXProject section */

/* Begin PBXReferenceProxy section */
		E4D61C5118DF65F100B121ED /* libFTGLES.a */ = {
			isa = PBXReferenceProxy;
			fileType = archive.ar;
			path = libFTGLES.a;
			remoteRef = E4D61C5018DF65F100B121ED /* PBXContainerItemProxy */;
			sourceTree = BUILT_PRODUCTS_DIR;
		};
		E4D61CCE18DF669B00B121ED /* libFTGLES2.a */ = {
			isa = PBXReferenceProxy;
			fileType = archive.ar;
			path = libFTGLES2.a;
			remoteRef = E4D61CCD18DF669B00B121ED /* PBXContainerItemProxy */;
			sourceTree = BUILT_PRODUCTS_DIR;
		};
/* End PBXReferenceProxy section */

/* Begin PBXResourcesBuildPhase section */
		1D60588D0D05DD3D006BFB54 /* Resources */ = {
			isa = PBXResourcesBuildPhase;
			buildActionMask = 2147483647;
			files = (
				631AB81A12FAAD5800243329 /* fragment.fsh in Resources */,
				631AB81B12FAAD5800243329 /* vertex.vsh in Resources */,
				E4D61C4018DF627D00B121ED /* Diavlo_BLACK_II_37.otf in Resources */,
				63D405A011EA65F60051D8F3 /* Default.png in Resources */,
				63D405A111EA65F60051D8F3 /* Icon.png in Resources */,
				E4D61C4318DF628900B121ED /* ViewController_iPad.xib in Resources */,
				63D405A211EA65F60051D8F3 /* Icon@2x.png in Resources */,
				63D405A311EA65F60051D8F3 /* Icon-72.png in Resources */,
				E4D61C4418DF628900B121ED /* ViewController_iPhone.xib in Resources */,
			);
			runOnlyForDeploymentPostprocessing = 0;
		};
/* End PBXResourcesBuildPhase section */

/* Begin PBXSourcesBuildPhase section */
		1D60588E0D05DD3D006BFB54 /* Sources */ = {
			isa = PBXSourcesBuildPhase;
			buildActionMask = 2147483647;
			files = (
				E4D61C3E18DF626700B121ED /* ViewController.mm in Sources */,
				7914067C0DBAD8D100C9A379 /* AppDelegate.mm in Sources */,
				63B7C93E10A218E500E709A5 /* main.m in Sources */,
				631ABAA012FB99CE00243329 /* RenderController.c in Sources */,
			);
			runOnlyForDeploymentPostprocessing = 0;
		};
/* End PBXSourcesBuildPhase section */

/* Begin PBXTargetDependency section */
		E4D61CD318DF6B1C00B121ED /* PBXTargetDependency */ = {
			isa = PBXTargetDependency;
			name = FTGLES2;
			targetProxy = E4D61CD218DF6B1C00B121ED /* PBXContainerItemProxy */;
		};
/* End PBXTargetDependency section */

/* Begin XCBuildConfiguration section */
		1D6058940D05DD3E006BFB54 /* Debug */ = {
			isa = XCBuildConfiguration;
			buildSettings = {
				ALWAYS_SEARCH_USER_PATHS = YES;
				COPY_PHASE_STRIP = NO;
				DEAD_CODE_STRIPPING = NO;
				FRAMEWORK_SEARCH_PATHS = "";
				GCC_DYNAMIC_NO_PIC = NO;
				GCC_ENABLE_FIX_AND_CONTINUE = NO;
				GCC_GENERATE_DEBUGGING_SYMBOLS = YES;
				GCC_INLINES_ARE_PRIVATE_EXTERN = NO;
				GCC_OPTIMIZATION_LEVEL = 2;
				GCC_PRECOMPILE_PREFIX_HEADER = YES;
				GCC_PREFIX_HEADER = Prefix.pch;
				GCC_PREPROCESSOR_DEFINITIONS = (
					"FT_OPTION_AUTOFIT2=1",
					"FT2_BUILD_LIBRARY=1",
					"TARGET_OS_IPHONE=1",
					"DEBUG=1",
				);
				GCC_SYMBOLS_PRIVATE_EXTERN = NO;
				GCC_THUMB_SUPPORT = YES;
				GENERATE_MASTER_OBJECT_FILE = NO;
				HEADER_SEARCH_PATHS = (
					"../../../freetype-2.3.9/include/**",
					../../../ftgles/src,
				);
				INFOPLIST_FILE = Info.plist;
				KEEP_PRIVATE_EXTERNS = NO;
				LIBRARY_SEARCH_PATHS = "";
				OTHER_CFLAGS = "";
				OTHER_LDFLAGS = "";
				PREBINDING = YES;
				PRODUCT_NAME = HelloWorld;
				SCAN_ALL_SOURCE_FILES_FOR_INCLUDES = NO;
				USER_HEADER_SEARCH_PATHS = "";
				WARNING_CFLAGS = "";
			};
			name = Debug;
		};
		1D6058950D05DD3E006BFB54 /* Release */ = {
			isa = XCBuildConfiguration;
			buildSettings = {
				ALWAYS_SEARCH_USER_PATHS = YES;
				COPY_PHASE_STRIP = YES;
				DEAD_CODE_STRIPPING = NO;
				FRAMEWORK_SEARCH_PATHS = "";
				GCC_ENABLE_FIX_AND_CONTINUE = NO;
				GCC_OPTIMIZATION_LEVEL = 2;
				GCC_PRECOMPILE_PREFIX_HEADER = YES;
				GCC_PREFIX_HEADER = Prefix.pch;
				GCC_PREPROCESSOR_DEFINITIONS = "TARGET_OS_IPHONE=1";
				GCC_THUMB_SUPPORT = YES;
				HEADER_SEARCH_PATHS = (
					"../../../freetype-2.3.9/include/**",
					../../../ftgles/src,
				);
				INFOPLIST_FILE = Info.plist;
				LIBRARY_SEARCH_PATHS = "";
				OTHER_CFLAGS = "";
				PREBINDING = NO;
				PRODUCT_NAME = HelloWorld;
				SCAN_ALL_SOURCE_FILES_FOR_INCLUDES = NO;
				USER_HEADER_SEARCH_PATHS = "";
				WARNING_CFLAGS = "-Wall";
			};
			name = Release;
		};
		C01FCF4F08A954540054247B /* Debug */ = {
			isa = XCBuildConfiguration;
			buildSettings = {
				CODE_SIGN_IDENTITY = "iPhone Developer";
				COMPRESS_PNG_FILES = NO;
				HEADER_SEARCH_PATHS = "";
				IPHONEOS_DEPLOYMENT_TARGET = 7.0;
				ONLY_ACTIVE_ARCH = YES;
				SDKROOT = iphoneos;
				TARGETED_DEVICE_FAMILY = "1,2";
				USER_HEADER_SEARCH_PATHS = "";
			};
			name = Debug;
		};
		C01FCF5008A954540054247B /* Release */ = {
			isa = XCBuildConfiguration;
			buildSettings = {
				CODE_SIGN_IDENTITY = "iPhone Developer";
				HEADER_SEARCH_PATHS = "";
				IPHONEOS_DEPLOYMENT_TARGET = 7.0;
				SDKROOT = iphoneos;
				TARGETED_DEVICE_FAMILY = "1,2";
			};
			name = Release;
		};
/* End XCBuildConfiguration section */

/* Begin XCConfigurationList section */
		1D6058960D05DD3E006BFB54 /* Build configuration list for PBXNativeTarget "GLES2Demo" */ = {
			isa = XCConfigurationList;
			buildConfigurations = (
				1D6058940D05DD3E006BFB54 /* Debug */,
				1D6058950D05DD3E006BFB54 /* Release */,
			);
			defaultConfigurationIsVisible = 0;
			defaultConfigurationName = Release;
		};
		C01FCF4E08A954540054247B /* Build configuration list for PBXProject "GLES2Demo" */ = {
			isa = XCConfigurationList;
			buildConfigurations = (
				C01FCF4F08A954540054247B /* Debug */,
				C01FCF5008A954540054247B /* Release */,
			);
			defaultConfigurationIsVisible = 0;
			defaultConfigurationName = Release;
		};
/* End XCConfigurationList section */
	};
	rootObject = 29B97313FDCFA39411CA2CEA /* Project object */;
}
