// !$*UTF8*$!
{
	archiveVersion = 1;
	classes = {
	};
	objectVersion = 45;
	objects = {

/* Begin PBXBuildFile section */
		1D60589F0D05DD5A006BFB54 /* Foundation.framework in Frameworks */ = {isa = PBXBuildFile; fileRef = 1D30AB110D05D00D00671497 /* Foundation.framework */; };
		1DF5F4E00D08C38300B7A737 /* UIKit.framework in Frameworks */ = {isa = PBXBuildFile; fileRef = 1DF5F4DF0D08C38300B7A737 /* UIKit.framework */; };
		2D500B940D5A79C200DBA0E3 /* OpenGLES.framework in Frameworks */ = {isa = PBXBuildFile; fileRef = 2D500B920D5A79C200DBA0E3 /* OpenGLES.framework */; };
		2D500B9A0D5A79CF00DBA0E3 /* QuartzCore.framework in Frameworks */ = {isa = PBXBuildFile; fileRef = 2D500B990D5A79CF00DBA0E3 /* QuartzCore.framework */; };
		637368A31351C42700594BE0 /* libFTGLES.a in Frameworks */ = {isa = PBXBuildFile; fileRef = 637368A21351C42700594BE0 /* libFTGLES.a */; };
		6374202211E5D7A800DFBB47 /* GLES1Surface.mm in Sources */ = {isa = PBXBuildFile; fileRef = 6374201A11E5D7A800DFBB47 /* GLES1Surface.mm */; };
		6374202311E5D7A800DFBB47 /* GLES2Surface.mm in Sources */ = {isa = PBXBuildFile; fileRef = 6374201C11E5D7A800DFBB47 /* GLES2Surface.mm */; };
		6374202411E5D7A800DFBB47 /* GLESSurface.mm in Sources */ = {isa = PBXBuildFile; fileRef = 6374201E11E5D7A800DFBB47 /* GLESSurface.mm */; };
		6374202511E5D7A800DFBB47 /* TextureLoader.mm in Sources */ = {isa = PBXBuildFile; fileRef = 6374202011E5D7A800DFBB47 /* TextureLoader.mm */; };
		6374202911E5D7D600DFBB47 /* KeyboardDemoController.cpp in Sources */ = {isa = PBXBuildFile; fileRef = 6374202711E5D7D600DFBB47 /* KeyboardDemoController.cpp */; };
		6374202C11E5D82600DFBB47 /* KeyboardGLESView.mm in Sources */ = {isa = PBXBuildFile; fileRef = 6374202B11E5D82600DFBB47 /* KeyboardGLESView.mm */; };
		63AD97DD0FAA2A9F00A79D15 /* CoreGraphics.framework in Frameworks */ = {isa = PBXBuildFile; fileRef = 63AD97DC0FAA2A9F00A79D15 /* CoreGraphics.framework */; };
		63B7C93E10A218E500E709A5 /* main.m in Sources */ = {isa = PBXBuildFile; fileRef = 63B7C93D10A218E500E709A5 /* main.m */; };
		63D405CB11EA662D0051D8F3 /* Default.png in Resources */ = {isa = PBXBuildFile; fileRef = 63D405C611EA662D0051D8F3 /* Default.png */; };
		63D405CC11EA662D0051D8F3 /* Icon.png in Resources */ = {isa = PBXBuildFile; fileRef = 63D405C711EA662D0051D8F3 /* Icon.png */; };
		63D405CD11EA662D0051D8F3 /* Icon@2x.png in Resources */ = {isa = PBXBuildFile; fileRef = 63D405C811EA662D0051D8F3 /* Icon@2x.png */; };
		63D407FF11EB21B50051D8F3 /* GLESView.mm in Sources */ = {isa = PBXBuildFile; fileRef = 63D407FE11EB21B50051D8F3 /* GLESView.mm */; };
		63D4080B11EB224E0051D8F3 /* Icon-72.png in Resources */ = {isa = PBXBuildFile; fileRef = 63D4080A11EB224E0051D8F3 /* Icon-72.png */; };
		7914067C0DBAD8D100C9A379 /* Delegate.mm in Sources */ = {isa = PBXBuildFile; fileRef = 7914067B0DBAD8D100C9A379 /* Delegate.mm */; };
		E4E7CFE811646AAC008FAD8A /* BorisBlackBloxx.ttf in Resources */ = {isa = PBXBuildFile; fileRef = E4E7CFE711646AAC008FAD8A /* BorisBlackBloxx.ttf */; };
/* End PBXBuildFile section */

/* Begin PBXFileReference section */
		1D30AB110D05D00D00671497 /* Foundation.framework */ = {isa = PBXFileReference; lastKnownFileType = wrapper.framework; name = Foundation.framework; path = System/Library/Frameworks/Foundation.framework; sourceTree = SDKROOT; };
		1D6058910D05DD3D006BFB54 /* KeyboardDemo.app */ = {isa = PBXFileReference; explicitFileType = wrapper.application; includeInIndex = 0; path = KeyboardDemo.app; sourceTree = BUILT_PRODUCTS_DIR; };
		1DF5F4DF0D08C38300B7A737 /* UIKit.framework */ = {isa = PBXFileReference; lastKnownFileType = wrapper.framework; name = UIKit.framework; path = System/Library/Frameworks/UIKit.framework; sourceTree = SDKROOT; };
		2D500B920D5A79C200DBA0E3 /* OpenGLES.framework */ = {isa = PBXFileReference; lastKnownFileType = wrapper.framework; name = OpenGLES.framework; path = System/Library/Frameworks/OpenGLES.framework; sourceTree = SDKROOT; };
		2D500B990D5A79CF00DBA0E3 /* QuartzCore.framework */ = {isa = PBXFileReference; lastKnownFileType = wrapper.framework; name = QuartzCore.framework; path = System/Library/Frameworks/QuartzCore.framework; sourceTree = SDKROOT; };
		637368971351C41100594BE0 /* ftgles.xcconfig */ = {isa = PBXFileReference; lastKnownFileType = text.xcconfig; path = ftgles.xcconfig; sourceTree = "<group>"; };
		637368A21351C42700594BE0 /* libFTGLES.a */ = {isa = PBXFileReference; lastKnownFileType = archive.ar; name = libFTGLES.a; path = ../../../Xcode/libFTGLES.a; sourceTree = "<group>"; };
		637368A41351C4A400594BE0 /* ftgles-info.plist */ = {isa = PBXFileReference; fileEncoding = 4; lastKnownFileType = text.plist.xml; path = "ftgles-info.plist"; sourceTree = "<group>"; };
		6374201911E5D7A800DFBB47 /* GLES1Surface.h */ = {isa = PBXFileReference; fileEncoding = 4; lastKnownFileType = sourcecode.c.h; path = GLES1Surface.h; sourceTree = "<group>"; };
		6374201A11E5D7A800DFBB47 /* GLES1Surface.mm */ = {isa = PBXFileReference; fileEncoding = 4; lastKnownFileType = sourcecode.cpp.objcpp; path = GLES1Surface.mm; sourceTree = "<group>"; };
		6374201B11E5D7A800DFBB47 /* GLES2Surface.h */ = {isa = PBXFileReference; fileEncoding = 4; lastKnownFileType = sourcecode.c.h; path = GLES2Surface.h; sourceTree = "<group>"; };
		6374201C11E5D7A800DFBB47 /* GLES2Surface.mm */ = {isa = PBXFileReference; fileEncoding = 4; lastKnownFileType = sourcecode.cpp.objcpp; path = GLES2Surface.mm; sourceTree = "<group>"; };
		6374201D11E5D7A800DFBB47 /* GLESSurface.h */ = {isa = PBXFileReference; fileEncoding = 4; lastKnownFileType = sourcecode.c.h; path = GLESSurface.h; sourceTree = "<group>"; };
		6374201E11E5D7A800DFBB47 /* GLESSurface.mm */ = {isa = PBXFileReference; fileEncoding = 4; lastKnownFileType = sourcecode.cpp.objcpp; path = GLESSurface.mm; sourceTree = "<group>"; };
		6374201F11E5D7A800DFBB47 /* TextureLoader.h */ = {isa = PBXFileReference; fileEncoding = 4; lastKnownFileType = sourcecode.c.h; path = TextureLoader.h; sourceTree = "<group>"; };
		6374202011E5D7A800DFBB47 /* TextureLoader.mm */ = {isa = PBXFileReference; fileEncoding = 4; lastKnownFileType = sourcecode.cpp.objcpp; path = TextureLoader.mm; sourceTree = "<group>"; };
		6374202711E5D7D600DFBB47 /* KeyboardDemoController.cpp */ = {isa = PBXFileReference; fileEncoding = 4; lastKnownFileType = sourcecode.cpp.cpp; name = KeyboardDemoController.cpp; path = Classes/KeyboardDemoController.cpp; sourceTree = "<group>"; };
		6374202811E5D7D600DFBB47 /* KeyboardDemoController.h */ = {isa = PBXFileReference; fileEncoding = 4; lastKnownFileType = sourcecode.c.h; name = KeyboardDemoController.h; path = Classes/KeyboardDemoController.h; sourceTree = "<group>"; };
		6374202A11E5D82600DFBB47 /* KeyboardGLESView.h */ = {isa = PBXFileReference; fileEncoding = 4; lastKnownFileType = sourcecode.c.h; path = KeyboardGLESView.h; sourceTree = "<group>"; };
		6374202B11E5D82600DFBB47 /* KeyboardGLESView.mm */ = {isa = PBXFileReference; fileEncoding = 4; lastKnownFileType = sourcecode.cpp.objcpp; path = KeyboardGLESView.mm; sourceTree = "<group>"; };
		63AD97DC0FAA2A9F00A79D15 /* CoreGraphics.framework */ = {isa = PBXFileReference; lastKnownFileType = wrapper.framework; name = CoreGraphics.framework; path = System/Library/Frameworks/CoreGraphics.framework; sourceTree = SDKROOT; };
		63B7C93D10A218E500E709A5 /* main.m */ = {isa = PBXFileReference; fileEncoding = 4; lastKnownFileType = sourcecode.c.objc; name = main.m; path = Classes/main.m; sourceTree = "<group>"; };
		63D405C611EA662D0051D8F3 /* Default.png */ = {isa = PBXFileReference; lastKnownFileType = image.png; name = Default.png; path = ../Common/Resources/Default.png; sourceTree = SOURCE_ROOT; };
		63D405C711EA662D0051D8F3 /* Icon.png */ = {isa = PBXFileReference; lastKnownFileType = image.png; name = Icon.png; path = ../Common/Resources/Icon.png; sourceTree = SOURCE_ROOT; };
		63D405C811EA662D0051D8F3 /* Icon@2x.png */ = {isa = PBXFileReference; lastKnownFileType = image.png; name = "Icon@2x.png"; path = "../Common/Resources/Icon@2x.png"; sourceTree = SOURCE_ROOT; };
		63D407FD11EB21B50051D8F3 /* GLESView.h */ = {isa = PBXFileReference; fileEncoding = 4; lastKnownFileType = sourcecode.c.h; path = GLESView.h; sourceTree = "<group>"; };
		63D407FE11EB21B50051D8F3 /* GLESView.mm */ = {isa = PBXFileReference; fileEncoding = 4; lastKnownFileType = sourcecode.cpp.objcpp; path = GLESView.mm; sourceTree = "<group>"; };
		63D4080A11EB224E0051D8F3 /* Icon-72.png */ = {isa = PBXFileReference; lastKnownFileType = image.png; name = "Icon-72.png"; path = "../Common/Resources/Icon-72.png"; sourceTree = SOURCE_ROOT; };
		7914067A0DBAD8D100C9A379 /* Delegate.h */ = {isa = PBXFileReference; fileEncoding = 4; lastKnownFileType = sourcecode.c.h; name = Delegate.h; path = Classes/Delegate.h; sourceTree = "<group>"; };
		7914067B0DBAD8D100C9A379 /* Delegate.mm */ = {isa = PBXFileReference; fileEncoding = 4; lastKnownFileType = sourcecode.cpp.objcpp; name = Delegate.mm; path = Classes/Delegate.mm; sourceTree = "<group>"; };
		E4E7CFE711646AAC008FAD8A /* BorisBlackBloxx.ttf */ = {isa = PBXFileReference; lastKnownFileType = file; name = BorisBlackBloxx.ttf; path = Fonts/BorisBlackBloxx.ttf; sourceTree = "<group>"; };
/* End PBXFileReference section */

/* Begin PBXFrameworksBuildPhase section */
		1D60588F0D05DD3D006BFB54 /* Frameworks */ = {
			isa = PBXFrameworksBuildPhase;
			buildActionMask = 2147483647;
			files = (
				1D60589F0D05DD5A006BFB54 /* Foundation.framework in Frameworks */,
				1DF5F4E00D08C38300B7A737 /* UIKit.framework in Frameworks */,
				2D500B940D5A79C200DBA0E3 /* OpenGLES.framework in Frameworks */,
				2D500B9A0D5A79CF00DBA0E3 /* QuartzCore.framework in Frameworks */,
				63AD97DD0FAA2A9F00A79D15 /* CoreGraphics.framework in Frameworks */,
				637368A31351C42700594BE0 /* libFTGLES.a in Frameworks */,
			);
			runOnlyForDeploymentPostprocessing = 0;
		};
/* End PBXFrameworksBuildPhase section */

/* Begin PBXGroup section */
		19C28FACFE9D520D11CA2CBB /* Products */ = {
			isa = PBXGroup;
			children = (
				1D6058910D05DD3D006BFB54 /* KeyboardDemo.app */,
			);
			name = Products;
			sourceTree = "<group>";
		};
		29B97314FDCFA39411CA2CEA /* CustomTemplate */ = {
			isa = PBXGroup;
			children = (
				637368A21351C42700594BE0 /* libFTGLES.a */,
				63AF0F950F5F2F6800BF520B /* Application */,
				63B7CA9C10A23C1700E709A5 /* Fonts */,
				29B97317FDCFA39411CA2CEA /* Resources */,
				637368A41351C4A400594BE0 /* ftgles-info.plist */,
				29B97323FDCFA39411CA2CEA /* Frameworks */,
				19C28FACFE9D520D11CA2CBB /* Products */,
			);
			name = CustomTemplate;
			sourceTree = "<group>";
		};
		29B97317FDCFA39411CA2CEA /* Resources */ = {
			isa = PBXGroup;
			children = (
				63D4080A11EB224E0051D8F3 /* Icon-72.png */,
				63D405C611EA662D0051D8F3 /* Default.png */,
				63D405C711EA662D0051D8F3 /* Icon.png */,
				63D405C811EA662D0051D8F3 /* Icon@2x.png */,
			);
			name = Resources;
			sourceTree = "<group>";
		};
		29B97323FDCFA39411CA2CEA /* Frameworks */ = {
			isa = PBXGroup;
			children = (
				63AD97DC0FAA2A9F00A79D15 /* CoreGraphics.framework */,
				2D500B990D5A79CF00DBA0E3 /* QuartzCore.framework */,
				2D500B920D5A79C200DBA0E3 /* OpenGLES.framework */,
				1DF5F4DF0D08C38300B7A737 /* UIKit.framework */,
				1D30AB110D05D00D00671497 /* Foundation.framework */,
			);
			name = Frameworks;
			sourceTree = "<group>";
		};
		6374201611E5D7A800DFBB47 /* Common */ = {
			isa = PBXGroup;
			children = (
				637368971351C41100594BE0 /* ftgles.xcconfig */,
				63D407FD11EB21B50051D8F3 /* GLESView.h */,
				63D407FE11EB21B50051D8F3 /* GLESView.mm */,
				6374201911E5D7A800DFBB47 /* GLES1Surface.h */,
				6374201A11E5D7A800DFBB47 /* GLES1Surface.mm */,
				6374201B11E5D7A800DFBB47 /* GLES2Surface.h */,
				6374201C11E5D7A800DFBB47 /* GLES2Surface.mm */,
				6374201D11E5D7A800DFBB47 /* GLESSurface.h */,
				6374201E11E5D7A800DFBB47 /* GLESSurface.mm */,
				6374201F11E5D7A800DFBB47 /* TextureLoader.h */,
				6374202011E5D7A800DFBB47 /* TextureLoader.mm */,
			);
			name = Common;
			path = ../Common;
			sourceTree = SOURCE_ROOT;
		};
		63AF0F950F5F2F6800BF520B /* Application */ = {
			isa = PBXGroup;
			children = (
				6374201611E5D7A800DFBB47 /* Common */,
				63B7C93D10A218E500E709A5 /* main.m */,
				6374202711E5D7D600DFBB47 /* KeyboardDemoController.cpp */,
				6374202811E5D7D600DFBB47 /* KeyboardDemoController.h */,
				7914067A0DBAD8D100C9A379 /* Delegate.h */,
				7914067B0DBAD8D100C9A379 /* Delegate.mm */,
				6374202A11E5D82600DFBB47 /* KeyboardGLESView.h */,
				6374202B11E5D82600DFBB47 /* KeyboardGLESView.mm */,
			);
			name = Application;
			sourceTree = "<group>";
		};
		63B7CA9C10A23C1700E709A5 /* Fonts */ = {
			isa = PBXGroup;
			children = (
				E4E7CFE711646AAC008FAD8A /* BorisBlackBloxx.ttf */,
			);
			name = Fonts;
			sourceTree = "<group>";
		};
/* End PBXGroup section */

/* Begin PBXNativeTarget section */
		1D6058900D05DD3D006BFB54 /* KeyboardDemo */ = {
			isa = PBXNativeTarget;
			buildConfigurationList = 1D6058960D05DD3E006BFB54 /* Build configuration list for PBXNativeTarget "KeyboardDemo" */;
			buildPhases = (
				1D60588D0D05DD3D006BFB54 /* Resources */,
				1D60588E0D05DD3D006BFB54 /* Sources */,
				1D60588F0D05DD3D006BFB54 /* Frameworks */,
			);
			buildRules = (
			);
			dependencies = (
			);
			name = KeyboardDemo;
			productName = foo;
			productReference = 1D6058910D05DD3D006BFB54 /* KeyboardDemo.app */;
			productType = "com.apple.product-type.application";
		};
/* End PBXNativeTarget section */

/* Begin PBXProject section */
		29B97313FDCFA39411CA2CEA /* Project object */ = {
			isa = PBXProject;
			buildConfigurationList = C01FCF4E08A954540054247B /* Build configuration list for PBXProject "KeyboardDemo" */;
			compatibilityVersion = "Xcode 3.1";
			developmentRegion = English;
			hasScannedForEncodings = 1;
			knownRegions = (
				English,
				Japanese,
				French,
				German,
			);
			mainGroup = 29B97314FDCFA39411CA2CEA /* CustomTemplate */;
			projectDirPath = "";
			projectRoot = "";
			targets = (
				1D6058900D05DD3D006BFB54 /* KeyboardDemo */,
			);
		};
/* End PBXProject section */

/* Begin PBXResourcesBuildPhase section */
		1D60588D0D05DD3D006BFB54 /* Resources */ = {
			isa = PBXResourcesBuildPhase;
			buildActionMask = 2147483647;
			files = (
				E4E7CFE811646AAC008FAD8A /* BorisBlackBloxx.ttf in Resources */,
				63D405CB11EA662D0051D8F3 /* Default.png in Resources */,
				63D405CC11EA662D0051D8F3 /* Icon.png in Resources */,
				63D405CD11EA662D0051D8F3 /* Icon@2x.png in Resources */,
				63D4080B11EB224E0051D8F3 /* Icon-72.png in Resources */,
			);
			runOnlyForDeploymentPostprocessing = 0;
		};
/* End PBXResourcesBuildPhase section */

/* Begin PBXSourcesBuildPhase section */
		1D60588E0D05DD3D006BFB54 /* Sources */ = {
			isa = PBXSourcesBuildPhase;
			buildActionMask = 2147483647;
			files = (
				7914067C0DBAD8D100C9A379 /* Delegate.mm in Sources */,
				63B7C93E10A218E500E709A5 /* main.m in Sources */,
				6374202211E5D7A800DFBB47 /* GLES1Surface.mm in Sources */,
				6374202311E5D7A800DFBB47 /* GLES2Surface.mm in Sources */,
				6374202411E5D7A800DFBB47 /* GLESSurface.mm in Sources */,
				6374202511E5D7A800DFBB47 /* TextureLoader.mm in Sources */,
				6374202911E5D7D600DFBB47 /* KeyboardDemoController.cpp in Sources */,
				6374202C11E5D82600DFBB47 /* KeyboardGLESView.mm in Sources */,
				63D407FF11EB21B50051D8F3 /* GLESView.mm in Sources */,
			);
			runOnlyForDeploymentPostprocessing = 0;
		};
/* End PBXSourcesBuildPhase section */

/* Begin XCBuildConfiguration section */
		1D6058940D05DD3E006BFB54 /* Debug */ = {
			isa = XCBuildConfiguration;
			buildSettings = {
				GCC_ENABLE_FIX_AND_CONTINUE = NO;
				GCC_VERSION = "";
				LIBRARY_SEARCH_PATHS = (
					"$(inherited)",
					"\"$(SRCROOT)/../../../Xcode\"",
				);
			};
			name = Debug;
		};
		1D6058950D05DD3E006BFB54 /* Release */ = {
			isa = XCBuildConfiguration;
			buildSettings = {
				GCC_ENABLE_FIX_AND_CONTINUE = NO;
				GCC_VERSION = "";
				LIBRARY_SEARCH_PATHS = (
					"$(inherited)",
					"\"$(SRCROOT)/../../../Xcode\"",
				);
			};
			name = Release;
		};
		C01FCF4F08A954540054247B /* Debug */ = {
			isa = XCBuildConfiguration;
			baseConfigurationReference = 637368971351C41100594BE0 /* ftgles.xcconfig */;
			buildSettings = {
				ARCHS = "$(ARCHS_STANDARD_32_BIT)";
				CODE_SIGN_IDENTITY = "iPhone Developer";
				GCC_PRECOMPILE_PREFIX_HEADER = YES;
				GCC_PREFIX_HEADER = Prefix.pch;
				GCC_VERSION = "";
				HEADER_SEARCH_PATHS = "$(inherited)";
				INFOPLIST_FILE = "ftgles-info.plist";
				IPHONEOS_DEPLOYMENT_TARGET = 3.1;
				PRODUCT_NAME = KeyboardDemo;
				PROVISIONING_PROFILE = "";
				SDKROOT = iphoneos;
			};
			name = Debug;
		};
		C01FCF5008A954540054247B /* Release */ = {
			isa = XCBuildConfiguration;
			baseConfigurationReference = 637368971351C41100594BE0 /* ftgles.xcconfig */;
			buildSettings = {
				ARCHS = "$(ARCHS_STANDARD_32_BIT)";
				CODE_SIGN_IDENTITY = "iPhone Developer";
				GCC_PRECOMPILE_PREFIX_HEADER = YES;
				GCC_PREFIX_HEADER = Prefix.pch;
				GCC_VERSION = "";
				HEADER_SEARCH_PATHS = "$(inherited)";
				INFOPLIST_FILE = "ftgles-info.plist";
				IPHONEOS_DEPLOYMENT_TARGET = 3.1;
				PRODUCT_NAME = KeyboardDemo;
				PROVISIONING_PROFILE = "";
				SDKROOT = iphoneos;
			};
			name = Release;
		};
/* End XCBuildConfiguration section */

/* Begin XCConfigurationList section */
		1D6058960D05DD3E006BFB54 /* Build configuration list for PBXNativeTarget "KeyboardDemo" */ = {
			isa = XCConfigurationList;
			buildConfigurations = (
				1D6058940D05DD3E006BFB54 /* Debug */,
				1D6058950D05DD3E006BFB54 /* Release */,
			);
			defaultConfigurationIsVisible = 0;
			defaultConfigurationName = Release;
		};
		C01FCF4E08A954540054247B /* Build configuration list for PBXProject "KeyboardDemo" */ = {
			isa = XCConfigurationList;
			buildConfigurations = (
				C01FCF4F08A954540054247B /* Debug */,
				C01FCF5008A954540054247B /* Release */,
			);
			defaultConfigurationIsVisible = 0;
			defaultConfigurationName = Release;
		};
/* End XCConfigurationList section */
	};
	rootObject = 29B97313FDCFA39411CA2CEA /* Project object */;
}
