// !$*UTF8*$!
{
	archiveVersion = 1;
	classes = {
	};
	objectVersion = 46;
	objects = {

/* Begin PBXBuildFile section */
		1D60589F0D05DD5A006BFB54 /* Foundation.framework in Frameworks */ = {isa = PBXBuildFile; fileRef = 1D30AB110D05D00D00671497 /* Foundation.framework */; };
		1DF5F4E00D08C38300B7A737 /* UIKit.framework in Frameworks */ = {isa = PBXBuildFile; fileRef = 1DF5F4DF0D08C38300B7A737 /* UIKit.framework */; };
		2D500B940D5A79C200DBA0E3 /* OpenGLES.framework in Frameworks */ = {isa = PBXBuildFile; fileRef = 2D500B920D5A79C200DBA0E3 /* OpenGLES.framework */; };
		2D500B9A0D5A79CF00DBA0E3 /* QuartzCore.framework in Frameworks */ = {isa = PBXBuildFile; fileRef = 2D500B990D5A79CF00DBA0E3 /* QuartzCore.framework */; };
		63741F6611E5D24A00DFBB47 /* TextureLoader.mm in Sources */ = {isa = PBXBuildFile; fileRef = 63741F6111E5D24A00DFBB47 /* TextureLoader.mm */; };
		63AD97DD0FAA2A9F00A79D15 /* CoreGraphics.framework in Frameworks */ = {isa = PBXBuildFile; fileRef = 63AD97DC0FAA2A9F00A79D15 /* CoreGraphics.framework */; };
		63AF0FA20F5F2FA300BF520B /* PerformanceController.cpp in Sources */ = {isa = PBXBuildFile; fileRef = 63AF0F9C0F5F2FA300BF520B /* PerformanceController.cpp */; };
		63B7C93E10A218E500E709A5 /* main.m in Sources */ = {isa = PBXBuildFile; fileRef = 63B7C93D10A218E500E709A5 /* main.m */; };
		63B7CA9610A23BB800E709A5 /* Gartentika.ttf in Resources */ = {isa = PBXBuildFile; fileRef = 63B7CA9310A23BB800E709A5 /* Gartentika.ttf */; };
		63B7CA9710A23BB800E709A5 /* Diavlo_BLACK_II_37.otf in Resources */ = {isa = PBXBuildFile; fileRef = 63B7CA9410A23BB800E709A5 /* Diavlo_BLACK_II_37.otf */; };
		63B7CA9810A23BB800E709A5 /* brown_bear_funk.ttf in Resources */ = {isa = PBXBuildFile; fileRef = 63B7CA9510A23BB800E709A5 /* brown_bear_funk.ttf */; };
		63D405A011EA65F60051D8F3 /* Default.png in Resources */ = {isa = PBXBuildFile; fileRef = 63D4059B11EA65F60051D8F3 /* Default.png */; };
		63D405A111EA65F60051D8F3 /* Icon.png in Resources */ = {isa = PBXBuildFile; fileRef = 63D4059C11EA65F60051D8F3 /* Icon.png */; };
		63D405A211EA65F60051D8F3 /* Icon@2x.png in Resources */ = {isa = PBXBuildFile; fileRef = 63D4059D11EA65F60051D8F3 /* Icon@2x.png */; };
		63D405A311EA65F60051D8F3 /* Icon-72.png in Resources */ = {isa = PBXBuildFile; fileRef = 63D4059E11EA65F60051D8F3 /* Icon-72.png */; };
		7914067C0DBAD8D100C9A379 /* AppDelegate.mm in Sources */ = {isa = PBXBuildFile; fileRef = 7914067B0DBAD8D100C9A379 /* AppDelegate.mm */; };
		E420B18918CD85FF00AA93F4 /* ViewController.mm in Sources */ = {isa = PBXBuildFile; fileRef = E420B18818CD85FF00AA93F4 /* ViewController.mm */; };
		E420B18B18CD898100AA93F4 /* GLKit.framework in Frameworks */ = {isa = PBXBuildFile; fileRef = E420B18A18CD898100AA93F4 /* GLKit.framework */; };
		E420B18C18CD8A8900AA93F4 /* libFTGLES.a in Frameworks */ = {isa = PBXBuildFile; fileRef = E420B18318CD84A400AA93F4 /* libFTGLES.a */; };
		E420B18E18CD8C0F00AA93F4 /* ViewController_iPad.xib in Resources */ = {isa = PBXBuildFile; fileRef = E420B18D18CD8C0F00AA93F4 /* ViewController_iPad.xib */; };
		E420B19118CD8E4700AA93F4 /* CoreMotion.framework in Frameworks */ = {isa = PBXBuildFile; fileRef = E420B19018CD8E4700AA93F4 /* CoreMotion.framework */; };
		E420B19318CD8F5D00AA93F4 /* ViewController_iPhone.xib in Resources */ = {isa = PBXBuildFile; fileRef = E420B19218CD8F5D00AA93F4 /* ViewController_iPhone.xib */; };
		E4451145112E95AC00AF94E6 /* BorisBlackBloxx.ttf in Resources */ = {isa = PBXBuildFile; fileRef = E445113F112E95AC00AF94E6 /* BorisBlackBloxx.ttf */; };
		E4451146112E95AC00AF94E6 /* Cardo98s.ttf in Resources */ = {isa = PBXBuildFile; fileRef = E4451140112E95AC00AF94E6 /* Cardo98s.ttf */; };
		E4451147112E95AC00AF94E6 /* Charybdis.ttf in Resources */ = {isa = PBXBuildFile; fileRef = E4451141112E95AC00AF94E6 /* Charybdis.ttf */; };
		E4451148112E95AC00AF94E6 /* RosewoodStd-Regular.otf in Resources */ = {isa = PBXBuildFile; fileRef = E4451142112E95AC00AF94E6 /* RosewoodStd-Regular.otf */; };
		E4451149112E95AC00AF94E6 /* TOONISH.ttf in Resources */ = {isa = PBXBuildFile; fileRef = E4451143112E95AC00AF94E6 /* TOONISH.ttf */; };
		E4DE90CC198366420035B3D1 /* Default-568h@2x.png in Resources */ = {isa = PBXBuildFile; fileRef = E4DE90CB198366420035B3D1 /* Default-568h@2x.png */; };
/* End PBXBuildFile section */

/* Begin PBXContainerItemProxy section */
		E420B18218CD84A400AA93F4 /* PBXContainerItemProxy */ = {
			isa = PBXContainerItemProxy;
			containerPortal = E420B17D18CD84A400AA93F4 /* ftgles.xcodeproj */;
			proxyType = 2;
			remoteGlobalIDString = 63A6FE900FB1F7AF00C38E72;
			remoteInfo = FTGLES;
		};
		E420B18518CD84C300AA93F4 /* PBXContainerItemProxy */ = {
			isa = PBXContainerItemProxy;
			containerPortal = E420B17D18CD84A400AA93F4 /* ftgles.xcodeproj */;
			proxyType = 1;
			remoteGlobalIDString = 63A6FD500FB1F7AF00C38E72;
			remoteInfo = FTGLES;
		};
/* End PBXContainerItemProxy section */

/* Begin PBXFileReference section */
		1D30AB110D05D00D00671497 /* Foundation.framework */ = {isa = PBXFileReference; lastKnownFileType = wrapper.framework; name = Foundation.framework; path = System/Library/Frameworks/Foundation.framework; sourceTree = SDKROOT; };
		1D6058910D05DD3D006BFB54 /* PerformanceTest.app */ = {isa = PBXFileReference; explicitFileType = wrapper.application; includeInIndex = 0; path = PerformanceTest.app; sourceTree = BUILT_PRODUCTS_DIR; };
		1DF5F4DF0D08C38300B7A737 /* UIKit.framework */ = {isa = PBXFileReference; lastKnownFileType = wrapper.framework; name = UIKit.framework; path = System/Library/Frameworks/UIKit.framework; sourceTree = SDKROOT; };
		2D500B920D5A79C200DBA0E3 /* OpenGLES.framework */ = {isa = PBXFileReference; lastKnownFileType = wrapper.framework; name = OpenGLES.framework; path = System/Library/Frameworks/OpenGLES.framework; sourceTree = SDKROOT; };
		2D500B990D5A79CF00DBA0E3 /* QuartzCore.framework */ = {isa = PBXFileReference; lastKnownFileType = wrapper.framework; name = QuartzCore.framework; path = System/Library/Frameworks/QuartzCore.framework; sourceTree = SDKROOT; };
		63128A8A1351B71D00E42D8A /* ftgles.xcconfig */ = {isa = PBXFileReference; lastKnownFileType = text.xcconfig; path = ftgles.xcconfig; sourceTree = "<group>"; };
		63741F6011E5D24A00DFBB47 /* TextureLoader.h */ = {isa = PBXFileReference; fileEncoding = 4; lastKnownFileType = sourcecode.c.h; path = TextureLoader.h; sourceTree = "<group>"; };
		63741F6111E5D24A00DFBB47 /* TextureLoader.mm */ = {isa = PBXFileReference; fileEncoding = 4; lastKnownFileType = sourcecode.cpp.objcpp; path = TextureLoader.mm; sourceTree = "<group>"; };
		63AD97DC0FAA2A9F00A79D15 /* CoreGraphics.framework */ = {isa = PBXFileReference; lastKnownFileType = wrapper.framework; name = CoreGraphics.framework; path = System/Library/Frameworks/CoreGraphics.framework; sourceTree = SDKROOT; };
		63AF0F9C0F5F2FA300BF520B /* PerformanceController.cpp */ = {isa = PBXFileReference; fileEncoding = 4; lastKnownFileType = sourcecode.cpp.cpp; name = PerformanceController.cpp; path = Classes/PerformanceController.cpp; sourceTree = "<group>"; };
		63AF0F9D0F5F2FA300BF520B /* PerformanceController.h */ = {isa = PBXFileReference; fileEncoding = 4; lastKnownFileType = sourcecode.c.h; name = PerformanceController.h; path = Classes/PerformanceController.h; sourceTree = "<group>"; };
		63B7C93D10A218E500E709A5 /* main.m */ = {isa = PBXFileReference; fileEncoding = 4; lastKnownFileType = sourcecode.c.objc; name = main.m; path = Classes/main.m; sourceTree = "<group>"; };
		63B7CA9310A23BB800E709A5 /* Gartentika.ttf */ = {isa = PBXFileReference; lastKnownFileType = file; name = Gartentika.ttf; path = Fonts/Gartentika.ttf; sourceTree = "<group>"; };
		63B7CA9410A23BB800E709A5 /* Diavlo_BLACK_II_37.otf */ = {isa = PBXFileReference; lastKnownFileType = file; name = Diavlo_BLACK_II_37.otf; path = Fonts/Diavlo_BLACK_II_37.otf; sourceTree = "<group>"; };
		63B7CA9510A23BB800E709A5 /* brown_bear_funk.ttf */ = {isa = PBXFileReference; lastKnownFileType = file; name = brown_bear_funk.ttf; path = Fonts/brown_bear_funk.ttf; sourceTree = "<group>"; };
		63D4059B11EA65F60051D8F3 /* Default.png */ = {isa = PBXFileReference; lastKnownFileType = image.png; name = Default.png; path = ../Common/Resources/Default.png; sourceTree = SOURCE_ROOT; };
		63D4059C11EA65F60051D8F3 /* Icon.png */ = {isa = PBXFileReference; lastKnownFileType = image.png; name = Icon.png; path = ../Common/Resources/Icon.png; sourceTree = SOURCE_ROOT; };
		63D4059D11EA65F60051D8F3 /* Icon@2x.png */ = {isa = PBXFileReference; lastKnownFileType = image.png; name = "Icon@2x.png"; path = "../Common/Resources/Icon@2x.png"; sourceTree = SOURCE_ROOT; };
		63D4059E11EA65F60051D8F3 /* Icon-72.png */ = {isa = PBXFileReference; lastKnownFileType = image.png; name = "Icon-72.png"; path = "../Common/Resources/Icon-72.png"; sourceTree = SOURCE_ROOT; };
		7914067A0DBAD8D100C9A379 /* AppDelegate.h */ = {isa = PBXFileReference; fileEncoding = 4; lastKnownFileType = sourcecode.c.h; name = AppDelegate.h; path = Classes/AppDelegate.h; sourceTree = "<group>"; };
		7914067B0DBAD8D100C9A379 /* AppDelegate.mm */ = {isa = PBXFileReference; fileEncoding = 4; lastKnownFileType = sourcecode.cpp.objcpp; name = AppDelegate.mm; path = Classes/AppDelegate.mm; sourceTree = "<group>"; };
		8D1107310486CEB800E47090 /* ftgles-info.plist */ = {isa = PBXFileReference; fileEncoding = 4; lastKnownFileType = text.plist.xml; path = "ftgles-info.plist"; sourceTree = "<group>"; };
		E420B17D18CD84A400AA93F4 /* ftgles.xcodeproj */ = {isa = PBXFileReference; lastKnownFileType = "wrapper.pb-project"; name = ftgles.xcodeproj; path = ../../../Xcode/ftgles.xcodeproj; sourceTree = "<group>"; };
		E420B18718CD85FF00AA93F4 /* ViewController.h */ = {isa = PBXFileReference; fileEncoding = 4; lastKnownFileType = sourcecode.c.h; path = ViewController.h; sourceTree = "<group>"; };
		E420B18818CD85FF00AA93F4 /* ViewController.mm */ = {isa = PBXFileReference; fileEncoding = 4; lastKnownFileType = sourcecode.cpp.objcpp; path = ViewController.mm; sourceTree = "<group>"; };
		E420B18A18CD898100AA93F4 /* GLKit.framework */ = {isa = PBXFileReference; lastKnownFileType = wrapper.framework; name = GLKit.framework; path = System/Library/Frameworks/GLKit.framework; sourceTree = SDKROOT; };
		E420B18D18CD8C0F00AA93F4 /* ViewController_iPad.xib */ = {isa = PBXFileReference; fileEncoding = 4; lastKnownFileType = file.xib; path = ViewController_iPad.xib; sourceTree = "<group>"; };
		E420B19018CD8E4700AA93F4 /* CoreMotion.framework */ = {isa = PBXFileReference; lastKnownFileType = wrapper.framework; name = CoreMotion.framework; path = System/Library/Frameworks/CoreMotion.framework; sourceTree = SDKROOT; };
		E420B19218CD8F5D00AA93F4 /* ViewController_iPhone.xib */ = {isa = PBXFileReference; fileEncoding = 4; lastKnownFileType = file.xib; path = ViewController_iPhone.xib; sourceTree = "<group>"; };
		E445113F112E95AC00AF94E6 /* BorisBlackBloxx.ttf */ = {isa = PBXFileReference; lastKnownFileType = file; name = BorisBlackBloxx.ttf; path = Fonts/BorisBlackBloxx.ttf; sourceTree = "<group>"; };
		E4451140112E95AC00AF94E6 /* Cardo98s.ttf */ = {isa = PBXFileReference; lastKnownFileType = file; name = Cardo98s.ttf; path = Fonts/Cardo98s.ttf; sourceTree = "<group>"; };
		E4451141112E95AC00AF94E6 /* Charybdis.ttf */ = {isa = PBXFileReference; fileEncoding = 4; lastKnownFileType = text; name = Charybdis.ttf; path = Fonts/Charybdis.ttf; sourceTree = "<group>"; };
		E4451142112E95AC00AF94E6 /* RosewoodStd-Regular.otf */ = {isa = PBXFileReference; lastKnownFileType = file; name = "RosewoodStd-Regular.otf"; path = "Fonts/RosewoodStd-Regular.otf"; sourceTree = "<group>"; };
		E4451143112E95AC00AF94E6 /* TOONISH.ttf */ = {isa = PBXFileReference; lastKnownFileType = file; name = TOONISH.ttf; path = Fonts/TOONISH.ttf; sourceTree = "<group>"; };
		E4DE90CB198366420035B3D1 /* Default-568h@2x.png */ = {isa = PBXFileReference; lastKnownFileType = image.png; path = "Default-568h@2x.png"; sourceTree = "<group>"; };
/* End PBXFileReference section */

/* Begin PBXFrameworksBuildPhase section */
		1D60588F0D05DD3D006BFB54 /* Frameworks */ = {
			isa = PBXFrameworksBuildPhase;
			buildActionMask = 2147483647;
			files = (
				E420B19118CD8E4700AA93F4 /* CoreMotion.framework in Frameworks */,
				E420B18C18CD8A8900AA93F4 /* libFTGLES.a in Frameworks */,
				E420B18B18CD898100AA93F4 /* GLKit.framework in Frameworks */,
				1D60589F0D05DD5A006BFB54 /* Foundation.framework in Frameworks */,
				1DF5F4E00D08C38300B7A737 /* UIKit.framework in Frameworks */,
				2D500B940D5A79C200DBA0E3 /* OpenGLES.framework in Frameworks */,
				2D500B9A0D5A79CF00DBA0E3 /* QuartzCore.framework in Frameworks */,
				63AD97DD0FAA2A9F00A79D15 /* CoreGraphics.framework in Frameworks */,
			);
			runOnlyForDeploymentPostprocessing = 0;
		};
/* End PBXFrameworksBuildPhase section */

/* Begin PBXGroup section */
		19C28FACFE9D520D11CA2CBB /* Products */ = {
			isa = PBXGroup;
			children = (
				1D6058910D05DD3D006BFB54 /* PerformanceTest.app */,
			);
			name = Products;
			sourceTree = "<group>";
		};
		29B97314FDCFA39411CA2CEA /* CustomTemplate */ = {
			isa = PBXGroup;
			children = (
				E4DE90CB198366420035B3D1 /* Default-568h@2x.png */,
				E420B17D18CD84A400AA93F4 /* ftgles.xcodeproj */,
				63AF0F950F5F2F6800BF520B /* Application */,
				63B7CA9C10A23C1700E709A5 /* Fonts */,
				29B97317FDCFA39411CA2CEA /* Resources */,
				8D1107310486CEB800E47090 /* ftgles-info.plist */,
				29B97323FDCFA39411CA2CEA /* Frameworks */,
				19C28FACFE9D520D11CA2CBB /* Products */,
			);
			name = CustomTemplate;
			sourceTree = "<group>";
		};
		29B97317FDCFA39411CA2CEA /* Resources */ = {
			isa = PBXGroup;
			children = (
				E420B18D18CD8C0F00AA93F4 /* ViewController_iPad.xib */,
				E420B19218CD8F5D00AA93F4 /* ViewController_iPhone.xib */,
				63D4059B11EA65F60051D8F3 /* Default.png */,
				63D4059C11EA65F60051D8F3 /* Icon.png */,
				63D4059D11EA65F60051D8F3 /* Icon@2x.png */,
				63D4059E11EA65F60051D8F3 /* Icon-72.png */,
			);
			name = Resources;
			sourceTree = "<group>";
		};
		29B97323FDCFA39411CA2CEA /* Frameworks */ = {
			isa = PBXGroup;
			children = (
				E420B19018CD8E4700AA93F4 /* CoreMotion.framework */,
				E420B18A18CD898100AA93F4 /* GLKit.framework */,
				63AD97DC0FAA2A9F00A79D15 /* CoreGraphics.framework */,
				2D500B990D5A79CF00DBA0E3 /* QuartzCore.framework */,
				2D500B920D5A79C200DBA0E3 /* OpenGLES.framework */,
				1DF5F4DF0D08C38300B7A737 /* UIKit.framework */,
				1D30AB110D05D00D00671497 /* Foundation.framework */,
			);
			name = Frameworks;
			sourceTree = "<group>";
		};
		63741F5711E5D24A00DFBB47 /* Common */ = {
			isa = PBXGroup;
			children = (
				63128A8A1351B71D00E42D8A /* ftgles.xcconfig */,
				63741F6011E5D24A00DFBB47 /* TextureLoader.h */,
				63741F6111E5D24A00DFBB47 /* TextureLoader.mm */,
				E420B18718CD85FF00AA93F4 /* ViewController.h */,
				E420B18818CD85FF00AA93F4 /* ViewController.mm */,
			);
			name = Common;
			path = ../Common;
			sourceTree = SOURCE_ROOT;
		};
		63AF0F950F5F2F6800BF520B /* Application */ = {
			isa = PBXGroup;
			children = (
				63741F5711E5D24A00DFBB47 /* Common */,
				63B7C93D10A218E500E709A5 /* main.m */,
				63AF0F9D0F5F2FA300BF520B /* PerformanceController.h */,
				63AF0F9C0F5F2FA300BF520B /* PerformanceController.cpp */,
				7914067A0DBAD8D100C9A379 /* AppDelegate.h */,
				7914067B0DBAD8D100C9A379 /* AppDelegate.mm */,
			);
			name = Application;
			sourceTree = "<group>";
		};
		63B7CA9C10A23C1700E709A5 /* Fonts */ = {
			isa = PBXGroup;
			children = (
				E445113F112E95AC00AF94E6 /* BorisBlackBloxx.ttf */,
				E4451140112E95AC00AF94E6 /* Cardo98s.ttf */,
				E4451141112E95AC00AF94E6 /* Charybdis.ttf */,
				E4451142112E95AC00AF94E6 /* RosewoodStd-Regular.otf */,
				E4451143112E95AC00AF94E6 /* TOONISH.ttf */,
				63B7CA9310A23BB800E709A5 /* Gartentika.ttf */,
				63B7CA9410A23BB800E709A5 /* Diavlo_BLACK_II_37.otf */,
				63B7CA9510A23BB800E709A5 /* brown_bear_funk.ttf */,
			);
			name = Fonts;
			sourceTree = "<group>";
		};
		E420B17E18CD84A400AA93F4 /* Products */ = {
			isa = PBXGroup;
			children = (
				E420B18318CD84A400AA93F4 /* libFTGLES.a */,
			);
			name = Products;
			sourceTree = "<group>";
		};
/* End PBXGroup section */

/* Begin PBXNativeTarget section */
		1D6058900D05DD3D006BFB54 /* PerfTest */ = {
			isa = PBXNativeTarget;
			buildConfigurationList = 1D6058960D05DD3E006BFB54 /* Build configuration list for PBXNativeTarget "PerfTest" */;
			buildPhases = (
				1D60588D0D05DD3D006BFB54 /* Resources */,
				1D60588E0D05DD3D006BFB54 /* Sources */,
				1D60588F0D05DD3D006BFB54 /* Frameworks */,
			);
			buildRules = (
			);
			dependencies = (
				E420B18618CD84C300AA93F4 /* PBXTargetDependency */,
			);
			name = PerfTest;
			productName = foo;
			productReference = 1D6058910D05DD3D006BFB54 /* PerformanceTest.app */;
			productType = "com.apple.product-type.application";
		};
/* End PBXNativeTarget section */

/* Begin PBXProject section */
		29B97313FDCFA39411CA2CEA /* Project object */ = {
			isa = PBXProject;
			attributes = {
				LastUpgradeCheck = 0920;
			};
			buildConfigurationList = C01FCF4E08A954540054247B /* Build configuration list for PBXProject "PerformanceTest" */;
			compatibilityVersion = "Xcode 3.2";
			developmentRegion = English;
			hasScannedForEncodings = 1;
			knownRegions = (
				English,
				Japanese,
				French,
				German,
			);
			mainGroup = 29B97314FDCFA39411CA2CEA /* CustomTemplate */;
			projectDirPath = "";
			projectReferences = (
				{
					ProductGroup = E420B17E18CD84A400AA93F4 /* Products */;
					ProjectRef = E420B17D18CD84A400AA93F4 /* ftgles.xcodeproj */;
				},
			);
			projectRoot = "";
			targets = (
				1D6058900D05DD3D006BFB54 /* PerfTest */,
			);
		};
/* End PBXProject section */

/* Begin PBXReferenceProxy section */
		E420B18318CD84A400AA93F4 /* libFTGLES.a */ = {
			isa = PBXReferenceProxy;
			fileType = archive.ar;
			path = libFTGLES.a;
			remoteRef = E420B18218CD84A400AA93F4 /* PBXContainerItemProxy */;
			sourceTree = BUILT_PRODUCTS_DIR;
		};
/* End PBXReferenceProxy section */

/* Begin PBXResourcesBuildPhase section */
		1D60588D0D05DD3D006BFB54 /* Resources */ = {
			isa = PBXResourcesBuildPhase;
			buildActionMask = 2147483647;
			files = (
				E420B18E18CD8C0F00AA93F4 /* ViewController_iPad.xib in Resources */,
				63B7CA9610A23BB800E709A5 /* Gartentika.ttf in Resources */,
				63B7CA9710A23BB800E709A5 /* Diavlo_BLACK_II_37.otf in Resources */,
				63B7CA9810A23BB800E709A5 /* brown_bear_funk.ttf in Resources */,
				E4451145112E95AC00AF94E6 /* BorisBlackBloxx.ttf in Resources */,
				E4451146112E95AC00AF94E6 /* Cardo98s.ttf in Resources */,
				E4451147112E95AC00AF94E6 /* Charybdis.ttf in Resources */,
				E420B19318CD8F5D00AA93F4 /* ViewController_iPhone.xib in Resources */,
				E4DE90CC198366420035B3D1 /* Default-568h@2x.png in Resources */,
				E4451148112E95AC00AF94E6 /* RosewoodStd-Regular.otf in Resources */,
				E4451149112E95AC00AF94E6 /* TOONISH.ttf in Resources */,
				63D405A011EA65F60051D8F3 /* Default.png in Resources */,
				63D405A111EA65F60051D8F3 /* Icon.png in Resources */,
				63D405A211EA65F60051D8F3 /* Icon@2x.png in Resources */,
				63D405A311EA65F60051D8F3 /* Icon-72.png in Resources */,
			);
			runOnlyForDeploymentPostprocessing = 0;
		};
/* End PBXResourcesBuildPhase section */

/* Begin PBXSourcesBuildPhase section */
		1D60588E0D05DD3D006BFB54 /* Sources */ = {
			isa = PBXSourcesBuildPhase;
			buildActionMask = 2147483647;
			files = (
				7914067C0DBAD8D100C9A379 /* AppDelegate.mm in Sources */,
				63AF0FA20F5F2FA300BF520B /* PerformanceController.cpp in Sources */,
				E420B18918CD85FF00AA93F4 /* ViewController.mm in Sources */,
				63B7C93E10A218E500E709A5 /* main.m in Sources */,
				63741F6611E5D24A00DFBB47 /* TextureLoader.mm in Sources */,
			);
			runOnlyForDeploymentPostprocessing = 0;
		};
/* End PBXSourcesBuildPhase section */

/* Begin PBXTargetDependency section */
		E420B18618CD84C300AA93F4 /* PBXTargetDependency */ = {
			isa = PBXTargetDependency;
			name = FTGLES;
			targetProxy = E420B18518CD84C300AA93F4 /* PBXContainerItemProxy */;
		};
/* End PBXTargetDependency section */

/* Begin XCBuildConfiguration section */
		1D6058940D05DD3E006BFB54 /* Debug */ = {
			isa = XCBuildConfiguration;
			baseConfigurationReference = 63128A8A1351B71D00E42D8A /* ftgles.xcconfig */;
			buildSettings = {
				GCC_ENABLE_FIX_AND_CONTINUE = NO;
				LIBRARY_SEARCH_PATHS = (
					"$(inherited)",
					"\"$(SRCROOT)\"",
				);
				PRODUCT_BUNDLE_IDENTIFIER = "com.yourcompany.${PRODUCT_NAME:identifier}";
			};
			name = Debug;
		};
		1D6058950D05DD3E006BFB54 /* Release */ = {
			isa = XCBuildConfiguration;
			baseConfigurationReference = 63128A8A1351B71D00E42D8A /* ftgles.xcconfig */;
			buildSettings = {
				GCC_ENABLE_FIX_AND_CONTINUE = NO;
				LIBRARY_SEARCH_PATHS = (
					"$(inherited)",
					"\"$(SRCROOT)\"",
				);
				PRODUCT_BUNDLE_IDENTIFIER = "com.yourcompany.${PRODUCT_NAME:identifier}";
			};
			name = Release;
		};
		C01FCF4F08A954540054247B /* Debug */ = {
			isa = XCBuildConfiguration;
			baseConfigurationReference = 63128A8A1351B71D00E42D8A /* ftgles.xcconfig */;
			buildSettings = {
				CLANG_ANALYZER_LOCALIZABILITY_NONLOCALIZED = YES;
				CLANG_CXX_LIBRARY = "compiler-default";
				CLANG_WARN_BLOCK_CAPTURE_AUTORELEASING = YES;
				CLANG_WARN_BOOL_CONVERSION = YES;
				CLANG_WARN_COMMA = YES;
				CLANG_WARN_CONSTANT_CONVERSION = YES;
				CLANG_WARN_EMPTY_BODY = YES;
				CLANG_WARN_ENUM_CONVERSION = YES;
				CLANG_WARN_INFINITE_RECURSION = YES;
				CLANG_WARN_INT_CONVERSION = YES;
				CLANG_WARN_NON_LITERAL_NULL_CONVERSION = YES;
				CLANG_WARN_OBJC_LITERAL_CONVERSION = YES;
				CLANG_WARN_RANGE_LOOP_ANALYSIS = YES;
				CLANG_WARN_STRICT_PROTOTYPES = YES;
				CLANG_WARN_SUSPICIOUS_MOVE = YES;
				CLANG_WARN_UNREACHABLE_CODE = YES;
				CLANG_WARN__DUPLICATE_METHOD_MATCH = YES;
				CODE_SIGN_IDENTITY = "iPhone Developer";
				ENABLE_STRICT_OBJC_MSGSEND = YES;
				ENABLE_TESTABILITY = YES;
				GCC_NO_COMMON_BLOCKS = YES;
				GCC_PRECOMPILE_PREFIX_HEADER = YES;
				GCC_PREFIX_HEADER = Prefix.pch;
				GCC_WARN_64_TO_32_BIT_CONVERSION = YES;
				GCC_WARN_ABOUT_RETURN_TYPE = YES;
				GCC_WARN_UNDECLARED_SELECTOR = YES;
				GCC_WARN_UNINITIALIZED_AUTOS = YES;
				GCC_WARN_UNUSED_FUNCTION = YES;
				GCC_WARN_UNUSED_VARIABLE = YES;
				HEADER_SEARCH_PATHS = "$(inherited)";
				INFOPLIST_FILE = "ftgles-info.plist";
				IPHONEOS_DEPLOYMENT_TARGET = 8.0;
				ONLY_ACTIVE_ARCH = YES;
				PRODUCT_NAME = PerformanceTest;
				SDKROOT = iphoneos;
				TARGETED_DEVICE_FAMILY = "1,2";
			};
			name = Debug;
		};
		C01FCF5008A954540054247B /* Release */ = {
			isa = XCBuildConfiguration;
			baseConfigurationReference = 63128A8A1351B71D00E42D8A /* ftgles.xcconfig */;
			buildSettings = {
				CLANG_ANALYZER_LOCALIZABILITY_NONLOCALIZED = YES;
				CLANG_CXX_LIBRARY = "compiler-default";
				CLANG_WARN_BLOCK_CAPTURE_AUTORELEASING = YES;
				CLANG_WARN_BOOL_CONVERSION = YES;
				CLANG_WARN_COMMA = YES;
				CLANG_WARN_CONSTANT_CONVERSION = YES;
				CLANG_WARN_EMPTY_BODY = YES;
				CLANG_WARN_ENUM_CONVERSION = YES;
				CLANG_WARN_INFINITE_RECURSION = YES;
				CLANG_WARN_INT_CONVERSION = YES;
				CLANG_WARN_NON_LITERAL_NULL_CONVERSION = YES;
				CLANG_WARN_OBJC_LITERAL_CONVERSION = YES;
				CLANG_WARN_RANGE_LOOP_ANALYSIS = YES;
				CLANG_WARN_STRICT_PROTOTYPES = YES;
				CLANG_WARN_SUSPICIOUS_MOVE = YES;
				CLANG_WARN_UNREACHABLE_CODE = YES;
				CLANG_WARN__DUPLICATE_METHOD_MATCH = YES;
				CODE_SIGN_IDENTITY = "iPhone Developer";
				ENABLE_STRICT_OBJC_MSGSEND = YES;
				GCC_NO_COMMON_BLOCKS = YES;
				GCC_PRECOMPILE_PREFIX_HEADER = YES;
				GCC_PREFIX_HEADER = Prefix.pch;
				GCC_WARN_64_TO_32_BIT_CONVERSION = YES;
				GCC_WARN_ABOUT_RETURN_TYPE = YES;
				GCC_WARN_UNDECLARED_SELECTOR = YES;
				GCC_WARN_UNINITIALIZED_AUTOS = YES;
				GCC_WARN_UNUSED_FUNCTION = YES;
				GCC_WARN_UNUSED_VARIABLE = YES;
				HEADER_SEARCH_PATHS = "$(inherited)";
				INFOPLIST_FILE = "ftgles-info.plist";
				IPHONEOS_DEPLOYMENT_TARGET = 8.0;
				PRODUCT_NAME = PerformanceTest;
				SDKROOT = iphoneos;
				TARGETED_DEVICE_FAMILY = "1,2";
			};
			name = Release;
		};
/* End XCBuildConfiguration section */

/* Begin XCConfigurationList section */
		1D6058960D05DD3E006BFB54 /* Build configuration list for PBXNativeTarget "PerfTest" */ = {
			isa = XCConfigurationList;
			buildConfigurations = (
				1D6058940D05DD3E006BFB54 /* Debug */,
				1D6058950D05DD3E006BFB54 /* Release */,
			);
			defaultConfigurationIsVisible = 0;
			defaultConfigurationName = Release;
		};
		C01FCF4E08A954540054247B /* Build configuration list for PBXProject "PerformanceTest" */ = {
			isa = XCConfigurationList;
			buildConfigurations = (
				C01FCF4F08A954540054247B /* Debug */,
				C01FCF5008A954540054247B /* Release */,
			);
			defaultConfigurationIsVisible = 0;
			defaultConfigurationName = Release;
		};
/* End XCConfigurationList section */
	};
	rootObject = 29B97313FDCFA39411CA2CEA /* Project object */;
}
