// !$*UTF8*$!
{
	archiveVersion = 1;
	classes = {
	};
	objectVersion = 45;
	objects = {

/* Begin PBXBuildFile section */
		1D60589F0D05DD5A006BFB54 /* Foundation.framework in Frameworks */ = {isa = PBXBuildFile; fileRef = 1D30AB110D05D00D00671497 /* Foundation.framework */; };
		1DF5F4E00D08C38300B7A737 /* UIKit.framework in Frameworks */ = {isa = PBXBuildFile; fileRef = 1DF5F4DF0D08C38300B7A737 /* UIKit.framework */; };
		2D500B940D5A79C200DBA0E3 /* OpenGLES.framework in Frameworks */ = {isa = PBXBuildFile; fileRef = 2D500B920D5A79C200DBA0E3 /* OpenGLES.framework */; };
		2D500B9A0D5A79CF00DBA0E3 /* QuartzCore.framework in Frameworks */ = {isa = PBXBuildFile; fileRef = 2D500B990D5A79CF00DBA0E3 /* QuartzCore.framework */; };
		630C7FB2135185000051FC15 /* ftgles.xcconfig in Resources */ = {isa = PBXBuildFile; fileRef = 630C7FB1135185000051FC15 /* ftgles.xcconfig */; };
		6334B13713518EE6003C63A3 /* libFTGLES.a in Frameworks */ = {isa = PBXBuildFile; fileRef = 6334B13613518EE6003C63A3 /* libFTGLES.a */; };
		63741F6311E5D24A00DFBB47 /* GLES1Surface.mm in Sources */ = {isa = PBXBuildFile; fileRef = 63741F5B11E5D24A00DFBB47 /* GLES1Surface.mm */; };
		63741F6411E5D24A00DFBB47 /* GLES2Surface.mm in Sources */ = {isa = PBXBuildFile; fileRef = 63741F5D11E5D24A00DFBB47 /* GLES2Surface.mm */; };
		63741F6511E5D24A00DFBB47 /* GLESSurface.mm in Sources */ = {isa = PBXBuildFile; fileRef = 63741F5F11E5D24A00DFBB47 /* GLESSurface.mm */; };
		63741F6611E5D24A00DFBB47 /* TextureLoader.mm in Sources */ = {isa = PBXBuildFile; fileRef = 63741F6111E5D24A00DFBB47 /* TextureLoader.mm */; };
		63AD97DD0FAA2A9F00A79D15 /* CoreGraphics.framework in Frameworks */ = {isa = PBXBuildFile; fileRef = 63AD97DC0FAA2A9F00A79D15 /* CoreGraphics.framework */; };
		63AF0FA20F5F2FA300BF520B /* LayoutDemoController.cpp in Sources */ = {isa = PBXBuildFile; fileRef = 63AF0F9C0F5F2FA300BF520B /* LayoutDemoController.cpp */; };
		63B7C93E10A218E500E709A5 /* main.m in Sources */ = {isa = PBXBuildFile; fileRef = 63B7C93D10A218E500E709A5 /* main.m */; };
		63B7CA9610A23BB800E709A5 /* Gartentika.ttf in Resources */ = {isa = PBXBuildFile; fileRef = 63B7CA9310A23BB800E709A5 /* Gartentika.ttf */; };
		63B7CA9710A23BB800E709A5 /* Diavlo_BLACK_II_37.otf in Resources */ = {isa = PBXBuildFile; fileRef = 63B7CA9410A23BB800E709A5 /* Diavlo_BLACK_II_37.otf */; };
		63B7CA9810A23BB800E709A5 /* brown_bear_funk.ttf in Resources */ = {isa = PBXBuildFile; fileRef = 63B7CA9510A23BB800E709A5 /* brown_bear_funk.ttf */; };
		63D405A011EA65F60051D8F3 /* Default.png in Resources */ = {isa = PBXBuildFile; fileRef = 63D4059B11EA65F60051D8F3 /* Default.png */; };
		63D405A111EA65F60051D8F3 /* Icon.png in Resources */ = {isa = PBXBuildFile; fileRef = 63D4059C11EA65F60051D8F3 /* Icon.png */; };
		63D405A211EA65F60051D8F3 /* Icon@2x.png in Resources */ = {isa = PBXBuildFile; fileRef = 63D4059D11EA65F60051D8F3 /* Icon@2x.png */; };
		63D405A311EA65F60051D8F3 /* Icon-72.png in Resources */ = {isa = PBXBuildFile; fileRef = 63D4059E11EA65F60051D8F3 /* Icon-72.png */; };
		63D4070611EB1B5B0051D8F3 /* GLESView.mm in Sources */ = {isa = PBXBuildFile; fileRef = 63D4070511EB1B5B0051D8F3 /* GLESView.mm */; };
		7914067C0DBAD8D100C9A379 /* Delegate.mm in Sources */ = {isa = PBXBuildFile; fileRef = 7914067B0DBAD8D100C9A379 /* Delegate.mm */; };
		E4451145112E95AC00AF94E6 /* BorisBlackBloxx.ttf in Resources */ = {isa = PBXBuildFile; fileRef = E445113F112E95AC00AF94E6 /* BorisBlackBloxx.ttf */; };
		E4451146112E95AC00AF94E6 /* Cardo98s.ttf in Resources */ = {isa = PBXBuildFile; fileRef = E4451140112E95AC00AF94E6 /* Cardo98s.ttf */; };
		E4451147112E95AC00AF94E6 /* Charybdis.ttf in Resources */ = {isa = PBXBuildFile; fileRef = E4451141112E95AC00AF94E6 /* Charybdis.ttf */; };
		E4451148112E95AC00AF94E6 /* RosewoodStd-Regular.otf in Resources */ = {isa = PBXBuildFile; fileRef = E4451142112E95AC00AF94E6 /* RosewoodStd-Regular.otf */; };
		E4451149112E95AC00AF94E6 /* TOONISH.ttf in Resources */ = {isa = PBXBuildFile; fileRef = E4451143112E95AC00AF94E6 /* TOONISH.ttf */; };
/* End PBXBuildFile section */

/* Begin PBXFileReference section */
		1D30AB110D05D00D00671497 /* Foundation.framework */ = {isa = PBXFileReference; lastKnownFileType = wrapper.framework; name = Foundation.framework; path = System/Library/Frameworks/Foundation.framework; sourceTree = SDKROOT; };
		1D6058910D05DD3D006BFB54 /* LayoutDemo.app */ = {isa = PBXFileReference; explicitFileType = wrapper.application; includeInIndex = 0; path = LayoutDemo.app; sourceTree = BUILT_PRODUCTS_DIR; };
		1DF5F4DF0D08C38300B7A737 /* UIKit.framework */ = {isa = PBXFileReference; lastKnownFileType = wrapper.framework; name = UIKit.framework; path = System/Library/Frameworks/UIKit.framework; sourceTree = SDKROOT; };
		2D500B920D5A79C200DBA0E3 /* OpenGLES.framework */ = {isa = PBXFileReference; lastKnownFileType = wrapper.framework; name = OpenGLES.framework; path = System/Library/Frameworks/OpenGLES.framework; sourceTree = SDKROOT; };
		2D500B990D5A79CF00DBA0E3 /* QuartzCore.framework */ = {isa = PBXFileReference; lastKnownFileType = wrapper.framework; name = QuartzCore.framework; path = System/Library/Frameworks/QuartzCore.framework; sourceTree = SDKROOT; };
		630C7FB1135185000051FC15 /* ftgles.xcconfig */ = {isa = PBXFileReference; fileEncoding = 4; lastKnownFileType = text.xcconfig; path = ftgles.xcconfig; sourceTree = "<group>"; };
		630C7FB9135187C20051FC15 /* Prefix.pch */ = {isa = PBXFileReference; lastKnownFileType = sourcecode.c.h; path = Prefix.pch; sourceTree = "<group>"; };
		6334B13613518EE6003C63A3 /* libFTGLES.a */ = {isa = PBXFileReference; lastKnownFileType = archive.ar; name = libFTGLES.a; path = ../../../Xcode/ftgles/libFTGLES.a; sourceTree = "<group>"; };
		63741F5A11E5D24A00DFBB47 /* GLES1Surface.h */ = {isa = PBXFileReference; fileEncoding = 4; lastKnownFileType = sourcecode.c.h; path = GLES1Surface.h; sourceTree = "<group>"; };
		63741F5B11E5D24A00DFBB47 /* GLES1Surface.mm */ = {isa = PBXFileReference; fileEncoding = 4; lastKnownFileType = sourcecode.cpp.objcpp; path = GLES1Surface.mm; sourceTree = "<group>"; };
		63741F5C11E5D24A00DFBB47 /* GLES2Surface.h */ = {isa = PBXFileReference; fileEncoding = 4; lastKnownFileType = sourcecode.c.h; path = GLES2Surface.h; sourceTree = "<group>"; };
		63741F5D11E5D24A00DFBB47 /* GLES2Surface.mm */ = {isa = PBXFileReference; fileEncoding = 4; lastKnownFileType = sourcecode.cpp.objcpp; path = GLES2Surface.mm; sourceTree = "<group>"; };
		63741F5E11E5D24A00DFBB47 /* GLESSurface.h */ = {isa = PBXFileReference; fileEncoding = 4; lastKnownFileType = sourcecode.c.h; path = GLESSurface.h; sourceTree = "<group>"; };
		63741F5F11E5D24A00DFBB47 /* GLESSurface.mm */ = {isa = PBXFileReference; fileEncoding = 4; lastKnownFileType = sourcecode.cpp.objcpp; path = GLESSurface.mm; sourceTree = "<group>"; };
		63741F6011E5D24A00DFBB47 /* TextureLoader.h */ = {isa = PBXFileReference; fileEncoding = 4; lastKnownFileType = sourcecode.c.h; path = TextureLoader.h; sourceTree = "<group>"; };
		63741F6111E5D24A00DFBB47 /* TextureLoader.mm */ = {isa = PBXFileReference; fileEncoding = 4; lastKnownFileType = sourcecode.cpp.objcpp; path = TextureLoader.mm; sourceTree = "<group>"; };
		63AD97DC0FAA2A9F00A79D15 /* CoreGraphics.framework */ = {isa = PBXFileReference; lastKnownFileType = wrapper.framework; name = CoreGraphics.framework; path = System/Library/Frameworks/CoreGraphics.framework; sourceTree = SDKROOT; };
		63AF0F9C0F5F2FA300BF520B /* LayoutDemoController.cpp */ = {isa = PBXFileReference; fileEncoding = 4; lastKnownFileType = sourcecode.cpp.cpp; name = LayoutDemoController.cpp; path = Classes/LayoutDemoController.cpp; sourceTree = "<group>"; };
		63AF0F9D0F5F2FA300BF520B /* LayoutDemoController.h */ = {isa = PBXFileReference; fileEncoding = 4; lastKnownFileType = sourcecode.c.h; name = LayoutDemoController.h; path = Classes/LayoutDemoController.h; sourceTree = "<group>"; };
		63B7C93D10A218E500E709A5 /* main.m */ = {isa = PBXFileReference; fileEncoding = 4; lastKnownFileType = sourcecode.c.objc; name = main.m; path = Classes/main.m; sourceTree = "<group>"; };
		63B7CA9310A23BB800E709A5 /* Gartentika.ttf */ = {isa = PBXFileReference; lastKnownFileType = file; name = Gartentika.ttf; path = Fonts/Gartentika.ttf; sourceTree = "<group>"; };
		63B7CA9410A23BB800E709A5 /* Diavlo_BLACK_II_37.otf */ = {isa = PBXFileReference; lastKnownFileType = file; name = Diavlo_BLACK_II_37.otf; path = Fonts/Diavlo_BLACK_II_37.otf; sourceTree = "<group>"; };
		63B7CA9510A23BB800E709A5 /* brown_bear_funk.ttf */ = {isa = PBXFileReference; lastKnownFileType = file; name = brown_bear_funk.ttf; path = Fonts/brown_bear_funk.ttf; sourceTree = "<group>"; };
		63D4059B11EA65F60051D8F3 /* Default.png */ = {isa = PBXFileReference; lastKnownFileType = image.png; name = Default.png; path = ../Common/Resources/Default.png; sourceTree = SOURCE_ROOT; };
		63D4059C11EA65F60051D8F3 /* Icon.png */ = {isa = PBXFileReference; lastKnownFileType = image.png; name = Icon.png; path = ../Common/Resources/Icon.png; sourceTree = SOURCE_ROOT; };
		63D4059D11EA65F60051D8F3 /* Icon@2x.png */ = {isa = PBXFileReference; lastKnownFileType = image.png; name = "Icon@2x.png"; path = "../Common/Resources/Icon@2x.png"; sourceTree = SOURCE_ROOT; };
		63D4059E11EA65F60051D8F3 /* Icon-72.png */ = {isa = PBXFileReference; lastKnownFileType = image.png; name = "Icon-72.png"; path = "../Common/Resources/Icon-72.png"; sourceTree = SOURCE_ROOT; };
		63D4070411EB1B5B0051D8F3 /* GLESView.h */ = {isa = PBXFileReference; fileEncoding = 4; lastKnownFileType = sourcecode.c.h; path = GLESView.h; sourceTree = "<group>"; };
		63D4070511EB1B5B0051D8F3 /* GLESView.mm */ = {isa = PBXFileReference; fileEncoding = 4; lastKnownFileType = sourcecode.cpp.objcpp; path = GLESView.mm; sourceTree = "<group>"; };
		7914067A0DBAD8D100C9A379 /* Delegate.h */ = {isa = PBXFileReference; fileEncoding = 4; lastKnownFileType = sourcecode.c.h; name = Delegate.h; path = Classes/Delegate.h; sourceTree = "<group>"; };
		7914067B0DBAD8D100C9A379 /* Delegate.mm */ = {isa = PBXFileReference; fileEncoding = 4; lastKnownFileType = sourcecode.cpp.objcpp; name = Delegate.mm; path = Classes/Delegate.mm; sourceTree = "<group>"; };
		8D1107310486CEB800E47090 /* ftgles-info.plist */ = {isa = PBXFileReference; fileEncoding = 4; lastKnownFileType = text.plist.xml; path = "ftgles-info.plist"; sourceTree = "<group>"; };
		E445113F112E95AC00AF94E6 /* BorisBlackBloxx.ttf */ = {isa = PBXFileReference; lastKnownFileType = file; name = BorisBlackBloxx.ttf; path = Fonts/BorisBlackBloxx.ttf; sourceTree = "<group>"; };
		E4451140112E95AC00AF94E6 /* Cardo98s.ttf */ = {isa = PBXFileReference; lastKnownFileType = file; name = Cardo98s.ttf; path = Fonts/Cardo98s.ttf; sourceTree = "<group>"; };
		E4451141112E95AC00AF94E6 /* Charybdis.ttf */ = {isa = PBXFileReference; fileEncoding = 4; lastKnownFileType = text; name = Charybdis.ttf; path = Fonts/Charybdis.ttf; sourceTree = "<group>"; };
		E4451142112E95AC00AF94E6 /* RosewoodStd-Regular.otf */ = {isa = PBXFileReference; lastKnownFileType = file; name = "RosewoodStd-Regular.otf"; path = "Fonts/RosewoodStd-Regular.otf"; sourceTree = "<group>"; };
		E4451143112E95AC00AF94E6 /* TOONISH.ttf */ = {isa = PBXFileReference; lastKnownFileType = file; name = TOONISH.ttf; path = Fonts/TOONISH.ttf; sourceTree = "<group>"; };
/* End PBXFileReference section */

/* Begin PBXFrameworksBuildPhase section */
		1D60588F0D05DD3D006BFB54 /* Frameworks */ = {
			isa = PBXFrameworksBuildPhase;
			buildActionMask = 2147483647;
			files = (
				1D60589F0D05DD5A006BFB54 /* Foundation.framework in Frameworks */,
				1DF5F4E00D08C38300B7A737 /* UIKit.framework in Frameworks */,
				2D500B940D5A79C200DBA0E3 /* OpenGLES.framework in Frameworks */,
				2D500B9A0D5A79CF00DBA0E3 /* QuartzCore.framework in Frameworks */,
				63AD97DD0FAA2A9F00A79D15 /* CoreGraphics.framework in Frameworks */,
				6334B13713518EE6003C63A3 /* libFTGLES.a in Frameworks */,
			);
			runOnlyForDeploymentPostprocessing = 0;
		};
/* End PBXFrameworksBuildPhase section */

/* Begin PBXGroup section */
		19C28FACFE9D520D11CA2CBB /* Products */ = {
			isa = PBXGroup;
			children = (
				1D6058910D05DD3D006BFB54 /* LayoutDemo.app */,
			);
			name = Products;
			sourceTree = "<group>";
		};
		29B97314FDCFA39411CA2CEA /* CustomTemplate */ = {
			isa = PBXGroup;
			children = (
				630C7FBA1351884D0051FC15 /* FTGLES */,
				63AF0F950F5F2F6800BF520B /* Application */,
				63B7CA9C10A23C1700E709A5 /* Fonts */,
				29B97317FDCFA39411CA2CEA /* Resources */,
				630C7FB9135187C20051FC15 /* Prefix.pch */,
				8D1107310486CEB800E47090 /* ftgles-info.plist */,
				29B97323FDCFA39411CA2CEA /* Frameworks */,
				19C28FACFE9D520D11CA2CBB /* Products */,
			);
			name = CustomTemplate;
			sourceTree = "<group>";
		};
		29B97317FDCFA39411CA2CEA /* Resources */ = {
			isa = PBXGroup;
			children = (
				63D4059B11EA65F60051D8F3 /* Default.png */,
				63D4059C11EA65F60051D8F3 /* Icon.png */,
				63D4059D11EA65F60051D8F3 /* Icon@2x.png */,
				63D4059E11EA65F60051D8F3 /* Icon-72.png */,
			);
			name = Resources;
			sourceTree = "<group>";
		};
		29B97323FDCFA39411CA2CEA /* Frameworks */ = {
			isa = PBXGroup;
			children = (
				63AD97DC0FAA2A9F00A79D15 /* CoreGraphics.framework */,
				2D500B990D5A79CF00DBA0E3 /* QuartzCore.framework */,
				2D500B920D5A79C200DBA0E3 /* OpenGLES.framework */,
				1DF5F4DF0D08C38300B7A737 /* UIKit.framework */,
				1D30AB110D05D00D00671497 /* Foundation.framework */,
			);
			name = Frameworks;
			sourceTree = "<group>";
		};
		630C7FBA1351884D0051FC15 /* FTGLES */ = {
			isa = PBXGroup;
			children = (
				6334B13613518EE6003C63A3 /* libFTGLES.a */,
			);
			name = FTGLES;
			sourceTree = "<group>";
		};
		63741F5711E5D24A00DFBB47 /* Common */ = {
			isa = PBXGroup;
			children = (
				630C7FB1135185000051FC15 /* ftgles.xcconfig */,
				63D4070411EB1B5B0051D8F3 /* GLESView.h */,
				63D4070511EB1B5B0051D8F3 /* GLESView.mm */,
				63741F5A11E5D24A00DFBB47 /* GLES1Surface.h */,
				63741F5B11E5D24A00DFBB47 /* GLES1Surface.mm */,
				63741F5C11E5D24A00DFBB47 /* GLES2Surface.h */,
				63741F5D11E5D24A00DFBB47 /* GLES2Surface.mm */,
				63741F5E11E5D24A00DFBB47 /* GLESSurface.h */,
				63741F5F11E5D24A00DFBB47 /* GLESSurface.mm */,
				63741F6011E5D24A00DFBB47 /* TextureLoader.h */,
				63741F6111E5D24A00DFBB47 /* TextureLoader.mm */,
			);
			name = Common;
			path = ../Common;
			sourceTree = SOURCE_ROOT;
		};
		63AF0F950F5F2F6800BF520B /* Application */ = {
			isa = PBXGroup;
			children = (
				63741F5711E5D24A00DFBB47 /* Common */,
				63B7C93D10A218E500E709A5 /* main.m */,
				63AF0F9D0F5F2FA300BF520B /* LayoutDemoController.h */,
				63AF0F9C0F5F2FA300BF520B /* LayoutDemoController.cpp */,
				7914067A0DBAD8D100C9A379 /* Delegate.h */,
				7914067B0DBAD8D100C9A379 /* Delegate.mm */,
			);
			name = Application;
			sourceTree = "<group>";
		};
		63B7CA9C10A23C1700E709A5 /* Fonts */ = {
			isa = PBXGroup;
			children = (
				E445113F112E95AC00AF94E6 /* BorisBlackBloxx.ttf */,
				E4451140112E95AC00AF94E6 /* Cardo98s.ttf */,
				E4451141112E95AC00AF94E6 /* Charybdis.ttf */,
				E4451142112E95AC00AF94E6 /* RosewoodStd-Regular.otf */,
				E4451143112E95AC00AF94E6 /* TOONISH.ttf */,
				63B7CA9310A23BB800E709A5 /* Gartentika.ttf */,
				63B7CA9410A23BB800E709A5 /* Diavlo_BLACK_II_37.otf */,
				63B7CA9510A23BB800E709A5 /* brown_bear_funk.ttf */,
			);
			name = Fonts;
			sourceTree = "<group>";
		};
/* End PBXGroup section */

/* Begin PBXNativeTarget section */
		1D6058900D05DD3D006BFB54 /* LayoutDemo */ = {
			isa = PBXNativeTarget;
			buildConfigurationList = 1D6058960D05DD3E006BFB54 /* Build configuration list for PBXNativeTarget "LayoutDemo" */;
			buildPhases = (
				1D60588D0D05DD3D006BFB54 /* Resources */,
				1D60588E0D05DD3D006BFB54 /* Sources */,
				1D60588F0D05DD3D006BFB54 /* Frameworks */,
			);
			buildRules = (
			);
			dependencies = (
			);
			name = LayoutDemo;
			productName = foo;
			productReference = 1D6058910D05DD3D006BFB54 /* LayoutDemo.app */;
			productType = "com.apple.product-type.application";
		};
/* End PBXNativeTarget section */

/* Begin PBXProject section */
		29B97313FDCFA39411CA2CEA /* Project object */ = {
			isa = PBXProject;
			buildConfigurationList = C01FCF4E08A954540054247B /* Build configuration list for PBXProject "LayoutDemo" */;
			compatibilityVersion = "Xcode 3.1";
			developmentRegion = English;
			hasScannedForEncodings = 1;
			knownRegions = (
				English,
				Japanese,
				French,
				German,
			);
			mainGroup = 29B97314FDCFA39411CA2CEA /* CustomTemplate */;
			projectDirPath = "";
			projectRoot = "";
			targets = (
				1D6058900D05DD3D006BFB54 /* LayoutDemo */,
			);
		};
/* End PBXProject section */

/* Begin PBXResourcesBuildPhase section */
		1D60588D0D05DD3D006BFB54 /* Resources */ = {
			isa = PBXResourcesBuildPhase;
			buildActionMask = 2147483647;
			files = (
				63B7CA9610A23BB800E709A5 /* Gartentika.ttf in Resources */,
				63B7CA9710A23BB800E709A5 /* Diavlo_BLACK_II_37.otf in Resources */,
				63B7CA9810A23BB800E709A5 /* brown_bear_funk.ttf in Resources */,
				E4451145112E95AC00AF94E6 /* BorisBlackBloxx.ttf in Resources */,
				E4451146112E95AC00AF94E6 /* Cardo98s.ttf in Resources */,
				E4451147112E95AC00AF94E6 /* Charybdis.ttf in Resources */,
				E4451148112E95AC00AF94E6 /* RosewoodStd-Regular.otf in Resources */,
				E4451149112E95AC00AF94E6 /* TOONISH.ttf in Resources */,
				63D405A011EA65F60051D8F3 /* Default.png in Resources */,
				63D405A111EA65F60051D8F3 /* Icon.png in Resources */,
				63D405A211EA65F60051D8F3 /* Icon@2x.png in Resources */,
				63D405A311EA65F60051D8F3 /* Icon-72.png in Resources */,
				630C7FB2135185000051FC15 /* ftgles.xcconfig in Resources */,
			);
			runOnlyForDeploymentPostprocessing = 0;
		};
/* End PBXResourcesBuildPhase section */

/* Begin PBXSourcesBuildPhase section */
		1D60588E0D05DD3D006BFB54 /* Sources */ = {
			isa = PBXSourcesBuildPhase;
			buildActionMask = 2147483647;
			files = (
				7914067C0DBAD8D100C9A379 /* Delegate.mm in Sources */,
				63AF0FA20F5F2FA300BF520B /* LayoutDemoController.cpp in Sources */,
				63B7C93E10A218E500E709A5 /* main.m in Sources */,
				63741F6311E5D24A00DFBB47 /* GLES1Surface.mm in Sources */,
				63741F6411E5D24A00DFBB47 /* GLES2Surface.mm in Sources */,
				63741F6511E5D24A00DFBB47 /* GLESSurface.mm in Sources */,
				63741F6611E5D24A00DFBB47 /* TextureLoader.mm in Sources */,
				63D4070611EB1B5B0051D8F3 /* GLESView.mm in Sources */,
			);
			runOnlyForDeploymentPostprocessing = 0;
		};
/* End PBXSourcesBuildPhase section */

/* Begin XCBuildConfiguration section */
		1D6058940D05DD3E006BFB54 /* Debug */ = {
			isa = XCBuildConfiguration;
			buildSettings = {
				GCC_ENABLE_FIX_AND_CONTINUE = NO;
				GCC_VERSION = 4.2;
				LIBRARY_SEARCH_PATHS = (
					"$(inherited)",
					"\"$(SRCROOT)/../../../Xcode/ftgles\"",
				);
			};
			name = Debug;
		};
		1D6058950D05DD3E006BFB54 /* Release */ = {
			isa = XCBuildConfiguration;
			buildSettings = {
				GCC_ENABLE_FIX_AND_CONTINUE = NO;
				LIBRARY_SEARCH_PATHS = (
					"$(inherited)",
					"\"$(SRCROOT)/../../../Xcode/ftgles\"",
				);
			};
			name = Release;
		};
		C01FCF4F08A954540054247B /* Debug */ = {
			isa = XCBuildConfiguration;
			baseConfigurationReference = 630C7FB1135185000051FC15 /* ftgles.xcconfig */;
			buildSettings = {
				ARCHS = "$(ARCHS_STANDARD_32_BIT)";
				CODE_SIGN_IDENTITY = "iPhone Developer";
				GCC_OPTIMIZATION_LEVEL = 2;
				GCC_PRECOMPILE_PREFIX_HEADER = YES;
				GCC_PREFIX_HEADER = Prefix.pch;
				GCC_VERSION = "";
				HEADER_SEARCH_PATHS = "$(inherited)";
				INFOPLIST_FILE = "ftgles-info.plist";
				IPHONEOS_DEPLOYMENT_TARGET = 3.0;
				PRODUCT_NAME = LayoutDemo;
				PROVISIONING_PROFILE = "";
				SDKROOT = iphoneos;
				TARGETED_DEVICE_FAMILY = "1,2";
				USER_HEADER_SEARCH_PATHS = "";
			};
			name = Debug;
		};
		C01FCF5008A954540054247B /* Release */ = {
			isa = XCBuildConfiguration;
			baseConfigurationReference = 630C7FB1135185000051FC15 /* ftgles.xcconfig */;
			buildSettings = {
				ARCHS = "$(ARCHS_STANDARD_32_BIT)";
				CODE_SIGN_IDENTITY = "iPhone Developer";
				GCC_OPTIMIZATION_LEVEL = 2;
				GCC_PRECOMPILE_PREFIX_HEADER = YES;
				GCC_PREFIX_HEADER = Prefix.pch;
				GCC_VERSION = "";
				HEADER_SEARCH_PATHS = "$(inherited)";
				INFOPLIST_FILE = "ftgles-info.plist";
				IPHONEOS_DEPLOYMENT_TARGET = 3.0;
				PRODUCT_NAME = LayoutDemo;
				PROVISIONING_PROFILE = "";
				SDKROOT = iphoneos;
				TARGETED_DEVICE_FAMILY = "1,2";
			};
			name = Release;
		};
/* End XCBuildConfiguration section */

/* Begin XCConfigurationList section */
		1D6058960D05DD3E006BFB54 /* Build configuration list for PBXNativeTarget "LayoutDemo" */ = {
			isa = XCConfigurationList;
			buildConfigurations = (
				1D6058940D05DD3E006BFB54 /* Debug */,
				1D6058950D05DD3E006BFB54 /* Release */,
			);
			defaultConfigurationIsVisible = 0;
			defaultConfigurationName = Release;
		};
		C01FCF4E08A954540054247B /* Build configuration list for PBXProject "LayoutDemo" */ = {
			isa = XCConfigurationList;
			buildConfigurations = (
				C01FCF4F08A954540054247B /* Debug */,
				C01FCF5008A954540054247B /* Release */,
			);
			defaultConfigurationIsVisible = 0;
			defaultConfigurationName = Release;
		};
/* End XCConfigurationList section */
	};
	rootObject = 29B97313FDCFA39411CA2CEA /* Project object */;
}
